// !$*UTF8*$!
{
	archiveVersion = 1;
	classes = {
	};
	objectVersion = 56;
	objects = {

/* Begin PBXBuildFile section */
		885DE44C2B982F77004E7C3C /* main.cpp in Sources */ = {isa = PBXBuildFile; fileRef = 885DE44B2B982F77004E7C3C /* main.cpp */; };
		885DE4572B983288004E7C3C /* main.cpp in Sources */ = {isa = PBXBuildFile; fileRef = 885DE4562B983288004E7C3C /* main.cpp */; };
		885DE4622B983653004E7C3C /* main.cpp in Sources */ = {isa = PBXBuildFile; fileRef = 885DE4612B983653004E7C3C /* main.cpp */; };
		885DE46D2B983799004E7C3C /* main.cpp in Sources */ = {isa = PBXBuildFile; fileRef = 885DE46C2B983799004E7C3C /* main.cpp */; };
		885DE4782B983E10004E7C3C /* main.cpp in Sources */ = {isa = PBXBuildFile; fileRef = 885DE4772B983E10004E7C3C /* main.cpp */; };
		885DE48E2B9846F0004E7C3C /* main.cpp in Sources */ = {isa = PBXBuildFile; fileRef = 885DE48D2B9846F0004E7C3C /* main.cpp */; };
		885DE4992B984806004E7C3C /* main.cpp in Sources */ = {isa = PBXBuildFile; fileRef = 885DE4982B984806004E7C3C /* main.cpp */; };
		886786722BA6EAF100F1D3D1 /* main.cpp in Sources */ = {isa = PBXBuildFile; fileRef = 886786712BA6EAF100F1D3D1 /* main.cpp */; };
		8867867D2BA6F0B700F1D3D1 /* main.cpp in Sources */ = {isa = PBXBuildFile; fileRef = 8867867C2BA6F0B700F1D3D1 /* main.cpp */; };
		886786882BA6F39A00F1D3D1 /* main.cpp in Sources */ = {isa = PBXBuildFile; fileRef = 886786872BA6F39A00F1D3D1 /* main.cpp */; };
		886786932BA6F54D00F1D3D1 /* main.cpp in Sources */ = {isa = PBXBuildFile; fileRef = 886786922BA6F54D00F1D3D1 /* main.cpp */; };
		8867869E2BA70D9300F1D3D1 /* main.cpp in Sources */ = {isa = PBXBuildFile; fileRef = 8867869D2BA70D9300F1D3D1 /* main.cpp */; };
		886786A92BA7108800F1D3D1 /* main.cpp in Sources */ = {isa = PBXBuildFile; fileRef = 886786A82BA7108800F1D3D1 /* main.cpp */; };
		886786B42BA7116E00F1D3D1 /* main.cpp in Sources */ = {isa = PBXBuildFile; fileRef = 886786B32BA7116E00F1D3D1 /* main.cpp */; };
		886786BF2BA717F100F1D3D1 /* main.cpp in Sources */ = {isa = PBXBuildFile; fileRef = 886786BE2BA717F100F1D3D1 /* main.cpp */; };
		887A80AD2B9956A5007ADDE6 /* main.cpp in Sources */ = {isa = PBXBuildFile; fileRef = 887A80AC2B9956A5007ADDE6 /* main.cpp */; };
		887A80B82B9958B1007ADDE6 /* main.cpp in Sources */ = {isa = PBXBuildFile; fileRef = 887A80B72B9958B1007ADDE6 /* main.cpp */; };
		887A80D92B995EEB007ADDE6 /* main.cpp in Sources */ = {isa = PBXBuildFile; fileRef = 887A80D82B995EEB007ADDE6 /* main.cpp */; };
		887A80E42B99601A007ADDE6 /* main.cpp in Sources */ = {isa = PBXBuildFile; fileRef = 887A80E32B99601A007ADDE6 /* main.cpp */; };
		887A80EF2B996295007ADDE6 /* main.cpp in Sources */ = {isa = PBXBuildFile; fileRef = 887A80EE2B996295007ADDE6 /* main.cpp */; };
		888168B12BA7193E001946EE /* main.cpp in Sources */ = {isa = PBXBuildFile; fileRef = 888168B02BA7193E001946EE /* main.cpp */; };
		888168BC2BA719FD001946EE /* main.cpp in Sources */ = {isa = PBXBuildFile; fileRef = 888168BB2BA719FD001946EE /* main.cpp */; };
		88ADAB572B8D64F8000D3281 /* main.cpp in Sources */ = {isa = PBXBuildFile; fileRef = 88ADAB562B8D64F8000D3281 /* main.cpp */; };
/* End PBXBuildFile section */

/* Begin PBXCopyFilesBuildPhase section */
		885DE4472B982F76004E7C3C /* CopyFiles */ = {
			isa = PBXCopyFilesBuildPhase;
			buildActionMask = 2147483647;
			dstPath = /usr/share/man/man1/;
			dstSubfolderSpec = 0;
			files = (
			);
			runOnlyForDeploymentPostprocessing = 1;
		};
		885DE4522B983288004E7C3C /* CopyFiles */ = {
			isa = PBXCopyFilesBuildPhase;
			buildActionMask = 2147483647;
			dstPath = /usr/share/man/man1/;
			dstSubfolderSpec = 0;
			files = (
			);
			runOnlyForDeploymentPostprocessing = 1;
		};
		885DE45D2B983653004E7C3C /* CopyFiles */ = {
			isa = PBXCopyFilesBuildPhase;
			buildActionMask = 2147483647;
			dstPath = /usr/share/man/man1/;
			dstSubfolderSpec = 0;
			files = (
			);
			runOnlyForDeploymentPostprocessing = 1;
		};
		885DE4682B983799004E7C3C /* CopyFiles */ = {
			isa = PBXCopyFilesBuildPhase;
			buildActionMask = 2147483647;
			dstPath = /usr/share/man/man1/;
			dstSubfolderSpec = 0;
			files = (
			);
			runOnlyForDeploymentPostprocessing = 1;
		};
		885DE4732B983E10004E7C3C /* CopyFiles */ = {
			isa = PBXCopyFilesBuildPhase;
			buildActionMask = 2147483647;
			dstPath = /usr/share/man/man1/;
			dstSubfolderSpec = 0;
			files = (
			);
			runOnlyForDeploymentPostprocessing = 1;
		};
		885DE4892B9846F0004E7C3C /* CopyFiles */ = {
			isa = PBXCopyFilesBuildPhase;
			buildActionMask = 2147483647;
			dstPath = /usr/share/man/man1/;
			dstSubfolderSpec = 0;
			files = (
			);
			runOnlyForDeploymentPostprocessing = 1;
		};
		885DE4942B984805004E7C3C /* CopyFiles */ = {
			isa = PBXCopyFilesBuildPhase;
			buildActionMask = 2147483647;
			dstPath = /usr/share/man/man1/;
			dstSubfolderSpec = 0;
			files = (
			);
			runOnlyForDeploymentPostprocessing = 1;
		};
		8867866D2BA6EAF100F1D3D1 /* CopyFiles */ = {
			isa = PBXCopyFilesBuildPhase;
			buildActionMask = 2147483647;
			dstPath = /usr/share/man/man1/;
			dstSubfolderSpec = 0;
			files = (
			);
			runOnlyForDeploymentPostprocessing = 1;
		};
		886786782BA6F0B700F1D3D1 /* CopyFiles */ = {
			isa = PBXCopyFilesBuildPhase;
			buildActionMask = 2147483647;
			dstPath = /usr/share/man/man1/;
			dstSubfolderSpec = 0;
			files = (
			);
			runOnlyForDeploymentPostprocessing = 1;
		};
		886786832BA6F39A00F1D3D1 /* CopyFiles */ = {
			isa = PBXCopyFilesBuildPhase;
			buildActionMask = 2147483647;
			dstPath = /usr/share/man/man1/;
			dstSubfolderSpec = 0;
			files = (
			);
			runOnlyForDeploymentPostprocessing = 1;
		};
		8867868E2BA6F54D00F1D3D1 /* CopyFiles */ = {
			isa = PBXCopyFilesBuildPhase;
			buildActionMask = 2147483647;
			dstPath = /usr/share/man/man1/;
			dstSubfolderSpec = 0;
			files = (
			);
			runOnlyForDeploymentPostprocessing = 1;
		};
		886786992BA70D9300F1D3D1 /* CopyFiles */ = {
			isa = PBXCopyFilesBuildPhase;
			buildActionMask = 2147483647;
			dstPath = /usr/share/man/man1/;
			dstSubfolderSpec = 0;
			files = (
			);
			runOnlyForDeploymentPostprocessing = 1;
		};
		886786A42BA7108800F1D3D1 /* CopyFiles */ = {
			isa = PBXCopyFilesBuildPhase;
			buildActionMask = 2147483647;
			dstPath = /usr/share/man/man1/;
			dstSubfolderSpec = 0;
			files = (
			);
			runOnlyForDeploymentPostprocessing = 1;
		};
		886786AF2BA7116E00F1D3D1 /* CopyFiles */ = {
			isa = PBXCopyFilesBuildPhase;
			buildActionMask = 2147483647;
			dstPath = /usr/share/man/man1/;
			dstSubfolderSpec = 0;
			files = (
			);
			runOnlyForDeploymentPostprocessing = 1;
		};
		886786BA2BA717F100F1D3D1 /* CopyFiles */ = {
			isa = PBXCopyFilesBuildPhase;
			buildActionMask = 2147483647;
			dstPath = /usr/share/man/man1/;
			dstSubfolderSpec = 0;
			files = (
			);
			runOnlyForDeploymentPostprocessing = 1;
		};
		887A80A82B9956A5007ADDE6 /* CopyFiles */ = {
			isa = PBXCopyFilesBuildPhase;
			buildActionMask = 2147483647;
			dstPath = /usr/share/man/man1/;
			dstSubfolderSpec = 0;
			files = (
			);
			runOnlyForDeploymentPostprocessing = 1;
		};
		887A80B32B9958B1007ADDE6 /* CopyFiles */ = {
			isa = PBXCopyFilesBuildPhase;
			buildActionMask = 2147483647;
			dstPath = /usr/share/man/man1/;
			dstSubfolderSpec = 0;
			files = (
			);
			runOnlyForDeploymentPostprocessing = 1;
		};
		887A80D42B995EEB007ADDE6 /* CopyFiles */ = {
			isa = PBXCopyFilesBuildPhase;
			buildActionMask = 2147483647;
			dstPath = /usr/share/man/man1/;
			dstSubfolderSpec = 0;
			files = (
			);
			runOnlyForDeploymentPostprocessing = 1;
		};
		887A80DF2B99601A007ADDE6 /* CopyFiles */ = {
			isa = PBXCopyFilesBuildPhase;
			buildActionMask = 2147483647;
			dstPath = /usr/share/man/man1/;
			dstSubfolderSpec = 0;
			files = (
			);
			runOnlyForDeploymentPostprocessing = 1;
		};
		887A80EA2B996295007ADDE6 /* CopyFiles */ = {
			isa = PBXCopyFilesBuildPhase;
			buildActionMask = 2147483647;
			dstPath = /usr/share/man/man1/;
			dstSubfolderSpec = 0;
			files = (
			);
			runOnlyForDeploymentPostprocessing = 1;
		};
		888168AC2BA7193E001946EE /* CopyFiles */ = {
			isa = PBXCopyFilesBuildPhase;
			buildActionMask = 2147483647;
			dstPath = /usr/share/man/man1/;
			dstSubfolderSpec = 0;
			files = (
			);
			runOnlyForDeploymentPostprocessing = 1;
		};
		888168B72BA719FD001946EE /* CopyFiles */ = {
			isa = PBXCopyFilesBuildPhase;
			buildActionMask = 2147483647;
			dstPath = /usr/share/man/man1/;
			dstSubfolderSpec = 0;
			files = (
			);
			runOnlyForDeploymentPostprocessing = 1;
		};
		88ADAB522B8D64F8000D3281 /* CopyFiles */ = {
			isa = PBXCopyFilesBuildPhase;
			buildActionMask = 2147483647;
			dstPath = /usr/share/man/man1/;
			dstSubfolderSpec = 0;
			files = (
			);
			runOnlyForDeploymentPostprocessing = 1;
		};
/* End PBXCopyFilesBuildPhase section */

/* Begin PBXFileReference section */
		885DE4492B982F76004E7C3C /* BJ2884 */ = {isa = PBXFileReference; explicitFileType = "compiled.mach-o.executable"; includeInIndex = 0; path = BJ2884; sourceTree = BUILT_PRODUCTS_DIR; };
		885DE44B2B982F77004E7C3C /* main.cpp */ = {isa = PBXFileReference; lastKnownFileType = sourcecode.cpp.cpp; path = main.cpp; sourceTree = "<group>"; };
		885DE4542B983288004E7C3C /* BJ2525 */ = {isa = PBXFileReference; explicitFileType = "compiled.mach-o.executable"; includeInIndex = 0; path = BJ2525; sourceTree = BUILT_PRODUCTS_DIR; };
		885DE4562B983288004E7C3C /* main.cpp */ = {isa = PBXFileReference; lastKnownFileType = sourcecode.cpp.cpp; path = main.cpp; sourceTree = "<group>"; };
		885DE45F2B983653004E7C3C /* BJ2739 */ = {isa = PBXFileReference; explicitFileType = "compiled.mach-o.executable"; includeInIndex = 0; path = BJ2739; sourceTree = BUILT_PRODUCTS_DIR; };
		885DE4612B983653004E7C3C /* main.cpp */ = {isa = PBXFileReference; lastKnownFileType = sourcecode.cpp.cpp; path = main.cpp; sourceTree = "<group>"; };
		885DE46A2B983799004E7C3C /* BJ8393 */ = {isa = PBXFileReference; explicitFileType = "compiled.mach-o.executable"; includeInIndex = 0; path = BJ8393; sourceTree = BUILT_PRODUCTS_DIR; };
		885DE46C2B983799004E7C3C /* main.cpp */ = {isa = PBXFileReference; lastKnownFileType = sourcecode.cpp.cpp; path = main.cpp; sourceTree = "<group>"; };
		885DE4752B983E10004E7C3C /* BJ2558 */ = {isa = PBXFileReference; explicitFileType = "compiled.mach-o.executable"; includeInIndex = 0; path = BJ2558; sourceTree = BUILT_PRODUCTS_DIR; };
		885DE4772B983E10004E7C3C /* main.cpp */ = {isa = PBXFileReference; lastKnownFileType = sourcecode.cpp.cpp; path = main.cpp; sourceTree = "<group>"; };
		885DE48B2B9846F0004E7C3C /* BJ */ = {isa = PBXFileReference; explicitFileType = "compiled.mach-o.executable"; includeInIndex = 0; path = BJ; sourceTree = BUILT_PRODUCTS_DIR; };
		885DE48D2B9846F0004E7C3C /* main.cpp */ = {isa = PBXFileReference; lastKnownFileType = sourcecode.cpp.cpp; path = main.cpp; sourceTree = "<group>"; };
		885DE4962B984805004E7C3C /* BJ10727 */ = {isa = PBXFileReference; explicitFileType = "compiled.mach-o.executable"; includeInIndex = 0; path = BJ10727; sourceTree = BUILT_PRODUCTS_DIR; };
		885DE4982B984806004E7C3C /* main.cpp */ = {isa = PBXFileReference; lastKnownFileType = sourcecode.cpp.cpp; path = main.cpp; sourceTree = "<group>"; };
		8867866F2BA6EAF100F1D3D1 /* BJ10807 */ = {isa = PBXFileReference; explicitFileType = "compiled.mach-o.executable"; includeInIndex = 0; path = BJ10807; sourceTree = BUILT_PRODUCTS_DIR; };
		886786712BA6EAF100F1D3D1 /* main.cpp */ = {isa = PBXFileReference; lastKnownFileType = sourcecode.cpp.cpp; path = main.cpp; sourceTree = "<group>"; };
		8867867A2BA6F0B700F1D3D1 /* BJ10871 */ = {isa = PBXFileReference; explicitFileType = "compiled.mach-o.executable"; includeInIndex = 0; path = BJ10871; sourceTree = BUILT_PRODUCTS_DIR; };
		8867867C2BA6F0B700F1D3D1 /* main.cpp */ = {isa = PBXFileReference; lastKnownFileType = sourcecode.cpp.cpp; path = main.cpp; sourceTree = "<group>"; };
		886786852BA6F39A00F1D3D1 /* BJ10818 */ = {isa = PBXFileReference; explicitFileType = "compiled.mach-o.executable"; includeInIndex = 0; path = BJ10818; sourceTree = BUILT_PRODUCTS_DIR; };
		886786872BA6F39A00F1D3D1 /* main.cpp */ = {isa = PBXFileReference; lastKnownFileType = sourcecode.cpp.cpp; path = main.cpp; sourceTree = "<group>"; };
		886786902BA6F54D00F1D3D1 /* BJ10950 */ = {isa = PBXFileReference; explicitFileType = "compiled.mach-o.executable"; includeInIndex = 0; path = BJ10950; sourceTree = BUILT_PRODUCTS_DIR; };
		886786922BA6F54D00F1D3D1 /* main.cpp */ = {isa = PBXFileReference; lastKnownFileType = sourcecode.cpp.cpp; path = main.cpp; sourceTree = "<group>"; };
		8867869B2BA70D9300F1D3D1 /* BJ25304 */ = {isa = PBXFileReference; explicitFileType = "compiled.mach-o.executable"; includeInIndex = 0; path = BJ25304; sourceTree = BUILT_PRODUCTS_DIR; };
		8867869D2BA70D9300F1D3D1 /* main.cpp */ = {isa = PBXFileReference; lastKnownFileType = sourcecode.cpp.cpp; path = main.cpp; sourceTree = "<group>"; };
		886786A62BA7108800F1D3D1 /* BJ2588 */ = {isa = PBXFileReference; explicitFileType = "compiled.mach-o.executable"; includeInIndex = 0; path = BJ2588; sourceTree = BUILT_PRODUCTS_DIR; };
		886786A82BA7108800F1D3D1 /* main.cpp */ = {isa = PBXFileReference; lastKnownFileType = sourcecode.cpp.cpp; path = main.cpp; sourceTree = "<group>"; };
		886786B12BA7116E00F1D3D1 /* BJ11382 */ = {isa = PBXFileReference; explicitFileType = "compiled.mach-o.executable"; includeInIndex = 0; path = BJ11382; sourceTree = BUILT_PRODUCTS_DIR; };
		886786B32BA7116E00F1D3D1 /* main.cpp */ = {isa = PBXFileReference; lastKnownFileType = sourcecode.cpp.cpp; path = main.cpp; sourceTree = "<group>"; };
		886786BC2BA717F100F1D3D1 /* BJ25314 */ = {isa = PBXFileReference; explicitFileType = "compiled.mach-o.executable"; includeInIndex = 0; path = BJ25314; sourceTree = BUILT_PRODUCTS_DIR; };
		886786BE2BA717F100F1D3D1 /* main.cpp */ = {isa = PBXFileReference; lastKnownFileType = sourcecode.cpp.cpp; name = main.cpp; path = "../BJ25314 - 코딩은 체육과목 입니다/main.cpp"; sourceTree = "<group>"; };
		887A80AA2B9956A5007ADDE6 /* BJ10430 */ = {isa = PBXFileReference; explicitFileType = "compiled.mach-o.executable"; includeInIndex = 0; path = BJ10430; sourceTree = BUILT_PRODUCTS_DIR; };
		887A80AC2B9956A5007ADDE6 /* main.cpp */ = {isa = PBXFileReference; lastKnownFileType = sourcecode.cpp.cpp; path = main.cpp; sourceTree = "<group>"; };
		887A80B52B9958B1007ADDE6 /* BJ2438 */ = {isa = PBXFileReference; explicitFileType = "compiled.mach-o.executable"; includeInIndex = 0; path = BJ2438; sourceTree = BUILT_PRODUCTS_DIR; };
		887A80B72B9958B1007ADDE6 /* main.cpp */ = {isa = PBXFileReference; lastKnownFileType = sourcecode.cpp.cpp; path = main.cpp; sourceTree = "<group>"; };
		887A80D62B995EEB007ADDE6 /* BJ10171 */ = {isa = PBXFileReference; explicitFileType = "compiled.mach-o.executable"; includeInIndex = 0; path = BJ10171; sourceTree = BUILT_PRODUCTS_DIR; };
		887A80D82B995EEB007ADDE6 /* main.cpp */ = {isa = PBXFileReference; lastKnownFileType = sourcecode.cpp.cpp; path = main.cpp; sourceTree = "<group>"; };
		887A80E12B99601A007ADDE6 /* BJ10172 */ = {isa = PBXFileReference; explicitFileType = "compiled.mach-o.executable"; includeInIndex = 0; path = BJ10172; sourceTree = BUILT_PRODUCTS_DIR; };
		887A80E32B99601A007ADDE6 /* main.cpp */ = {isa = PBXFileReference; lastKnownFileType = sourcecode.cpp.cpp; path = main.cpp; sourceTree = "<group>"; };
		887A80EC2B996295007ADDE6 /* BJ2753 */ = {isa = PBXFileReference; explicitFileType = "compiled.mach-o.executable"; includeInIndex = 0; path = BJ2753; sourceTree = BUILT_PRODUCTS_DIR; };
		887A80EE2B996295007ADDE6 /* main.cpp */ = {isa = PBXFileReference; lastKnownFileType = sourcecode.cpp.cpp; path = main.cpp; sourceTree = "<group>"; };
		888168AE2BA7193E001946EE /* BJ11021 */ = {isa = PBXFileReference; explicitFileType = "compiled.mach-o.executable"; includeInIndex = 0; path = BJ11021; sourceTree = BUILT_PRODUCTS_DIR; };
		888168B02BA7193E001946EE /* main.cpp */ = {isa = PBXFileReference; lastKnownFileType = sourcecode.cpp.cpp; path = main.cpp; sourceTree = "<group>"; };
		888168B92BA719FD001946EE /* BJ11022 */ = {isa = PBXFileReference; explicitFileType = "compiled.mach-o.executable"; includeInIndex = 0; path = BJ11022; sourceTree = BUILT_PRODUCTS_DIR; };
		888168BB2BA719FD001946EE /* main.cpp */ = {isa = PBXFileReference; lastKnownFileType = sourcecode.cpp.cpp; path = main.cpp; sourceTree = "<group>"; };
		88ADAB542B8D64F8000D3281 /* BJ1008 */ = {isa = PBXFileReference; explicitFileType = "compiled.mach-o.executable"; includeInIndex = 0; path = BJ1008; sourceTree = BUILT_PRODUCTS_DIR; };
		88ADAB562B8D64F8000D3281 /* main.cpp */ = {isa = PBXFileReference; lastKnownFileType = sourcecode.cpp.cpp; path = main.cpp; sourceTree = "<group>"; };
/* End PBXFileReference section */

/* Begin PBXFrameworksBuildPhase section */
		885DE4462B982F76004E7C3C /* Frameworks */ = {
			isa = PBXFrameworksBuildPhase;
			buildActionMask = 2147483647;
			files = (
			);
			runOnlyForDeploymentPostprocessing = 0;
		};
		885DE4512B983288004E7C3C /* Frameworks */ = {
			isa = PBXFrameworksBuildPhase;
			buildActionMask = 2147483647;
			files = (
			);
			runOnlyForDeploymentPostprocessing = 0;
		};
		885DE45C2B983653004E7C3C /* Frameworks */ = {
			isa = PBXFrameworksBuildPhase;
			buildActionMask = 2147483647;
			files = (
			);
			runOnlyForDeploymentPostprocessing = 0;
		};
		885DE4672B983799004E7C3C /* Frameworks */ = {
			isa = PBXFrameworksBuildPhase;
			buildActionMask = 2147483647;
			files = (
			);
			runOnlyForDeploymentPostprocessing = 0;
		};
		885DE4722B983E10004E7C3C /* Frameworks */ = {
			isa = PBXFrameworksBuildPhase;
			buildActionMask = 2147483647;
			files = (
			);
			runOnlyForDeploymentPostprocessing = 0;
		};
		885DE4882B9846F0004E7C3C /* Frameworks */ = {
			isa = PBXFrameworksBuildPhase;
			buildActionMask = 2147483647;
			files = (
			);
			runOnlyForDeploymentPostprocessing = 0;
		};
		885DE4932B984805004E7C3C /* Frameworks */ = {
			isa = PBXFrameworksBuildPhase;
			buildActionMask = 2147483647;
			files = (
			);
			runOnlyForDeploymentPostprocessing = 0;
		};
		8867866C2BA6EAF100F1D3D1 /* Frameworks */ = {
			isa = PBXFrameworksBuildPhase;
			buildActionMask = 2147483647;
			files = (
			);
			runOnlyForDeploymentPostprocessing = 0;
		};
		886786772BA6F0B700F1D3D1 /* Frameworks */ = {
			isa = PBXFrameworksBuildPhase;
			buildActionMask = 2147483647;
			files = (
			);
			runOnlyForDeploymentPostprocessing = 0;
		};
		886786822BA6F39A00F1D3D1 /* Frameworks */ = {
			isa = PBXFrameworksBuildPhase;
			buildActionMask = 2147483647;
			files = (
			);
			runOnlyForDeploymentPostprocessing = 0;
		};
		8867868D2BA6F54D00F1D3D1 /* Frameworks */ = {
			isa = PBXFrameworksBuildPhase;
			buildActionMask = 2147483647;
			files = (
			);
			runOnlyForDeploymentPostprocessing = 0;
		};
		886786982BA70D9300F1D3D1 /* Frameworks */ = {
			isa = PBXFrameworksBuildPhase;
			buildActionMask = 2147483647;
			files = (
			);
			runOnlyForDeploymentPostprocessing = 0;
		};
		886786A32BA7108800F1D3D1 /* Frameworks */ = {
			isa = PBXFrameworksBuildPhase;
			buildActionMask = 2147483647;
			files = (
			);
			runOnlyForDeploymentPostprocessing = 0;
		};
		886786AE2BA7116E00F1D3D1 /* Frameworks */ = {
			isa = PBXFrameworksBuildPhase;
			buildActionMask = 2147483647;
			files = (
			);
			runOnlyForDeploymentPostprocessing = 0;
		};
		886786B92BA717F100F1D3D1 /* Frameworks */ = {
			isa = PBXFrameworksBuildPhase;
			buildActionMask = 2147483647;
			files = (
			);
			runOnlyForDeploymentPostprocessing = 0;
		};
		887A80A72B9956A5007ADDE6 /* Frameworks */ = {
			isa = PBXFrameworksBuildPhase;
			buildActionMask = 2147483647;
			files = (
			);
			runOnlyForDeploymentPostprocessing = 0;
		};
		887A80B22B9958B1007ADDE6 /* Frameworks */ = {
			isa = PBXFrameworksBuildPhase;
			buildActionMask = 2147483647;
			files = (
			);
			runOnlyForDeploymentPostprocessing = 0;
		};
		887A80D32B995EEB007ADDE6 /* Frameworks */ = {
			isa = PBXFrameworksBuildPhase;
			buildActionMask = 2147483647;
			files = (
			);
			runOnlyForDeploymentPostprocessing = 0;
		};
		887A80DE2B99601A007ADDE6 /* Frameworks */ = {
			isa = PBXFrameworksBuildPhase;
			buildActionMask = 2147483647;
			files = (
			);
			runOnlyForDeploymentPostprocessing = 0;
		};
		887A80E92B996295007ADDE6 /* Frameworks */ = {
			isa = PBXFrameworksBuildPhase;
			buildActionMask = 2147483647;
			files = (
			);
			runOnlyForDeploymentPostprocessing = 0;
		};
		888168AB2BA7193E001946EE /* Frameworks */ = {
			isa = PBXFrameworksBuildPhase;
			buildActionMask = 2147483647;
			files = (
			);
			runOnlyForDeploymentPostprocessing = 0;
		};
		888168B62BA719FD001946EE /* Frameworks */ = {
			isa = PBXFrameworksBuildPhase;
			buildActionMask = 2147483647;
			files = (
			);
			runOnlyForDeploymentPostprocessing = 0;
		};
		88ADAB512B8D64F8000D3281 /* Frameworks */ = {
			isa = PBXFrameworksBuildPhase;
			buildActionMask = 2147483647;
			files = (
			);
			runOnlyForDeploymentPostprocessing = 0;
		};
/* End PBXFrameworksBuildPhase section */

/* Begin PBXGroup section */
		885DE44A2B982F77004E7C3C /* BJ2884 - 알람 시계 */ = {
			isa = PBXGroup;
			children = (
				885DE44B2B982F77004E7C3C /* main.cpp */,
			);
			name = "BJ2884 - 알람 시계";
			path = "BJ2884 - 알람 시계";
			sourceTree = "<group>";
		};
		885DE4552B983288004E7C3C /* BJ2525 - 오븐 시계 */ = {
			isa = PBXGroup;
			children = (
				885DE4562B983288004E7C3C /* main.cpp */,
			);
			name = "BJ2525 - 오븐 시계";
			path = "BJ2525 - 오븐 시계";
			sourceTree = "<group>";
		};
		885DE4602B983653004E7C3C /* BJ2739 - 구구단 */ = {
			isa = PBXGroup;
			children = (
				885DE4612B983653004E7C3C /* main.cpp */,
			);
			name = "BJ2739 - 구구단";
			path = "BJ2739 - 구구단";
			sourceTree = "<group>";
		};
		885DE46B2B983799004E7C3C /* BJ8393 - 합 */ = {
			isa = PBXGroup;
			children = (
				885DE46C2B983799004E7C3C /* main.cpp */,
			);
			name = "BJ8393 - 합";
			path = "BJ8393 - 합";
			sourceTree = "<group>";
		};
		885DE4762B983E10004E7C3C /* BJ2558 - A + B 2 */ = {
			isa = PBXGroup;
			children = (
				885DE4772B983E10004E7C3C /* main.cpp */,
			);
			path = "BJ2558 - A + B 2";
			sourceTree = "<group>";
		};
		885DE48C2B9846F0004E7C3C /* BJ */ = {
			isa = PBXGroup;
			children = (
				885DE48D2B9846F0004E7C3C /* main.cpp */,
			);
			path = BJ;
			sourceTree = "<group>";
		};
		885DE4972B984806004E7C3C /* BJ10727 - 조별과제를 하려는데 조장이 사라졌다 */ = {
			isa = PBXGroup;
			children = (
				885DE4982B984806004E7C3C /* main.cpp */,
			);
			name = "BJ10727 - 조별과제를 하려는데 조장이 사라졌다";
			path = "BJ10727 - 조별과제를 하려는데 조장이 사라졌다";
			sourceTree = "<group>";
		};
		886786702BA6EAF100F1D3D1 /* BJ10807 - 개수 세기 */ = {
			isa = PBXGroup;
			children = (
				886786712BA6EAF100F1D3D1 /* main.cpp */,
			);
			name = "BJ10807 - 개수 세기";
			path = "BJ10807 - 개수 세기";
			sourceTree = "<group>";
		};
		8867867B2BA6F0B700F1D3D1 /* BJ10871 - X보다 작은 수 */ = {
			isa = PBXGroup;
			children = (
				8867867C2BA6F0B700F1D3D1 /* main.cpp */,
			);
			name = "BJ10871 - X보다 작은 수";
			path = "BJ10871 - X보다 작은 수";
			sourceTree = "<group>";
		};
		886786862BA6F39A00F1D3D1 /* BJ10818 - 최소, 최대 */ = {
			isa = PBXGroup;
			children = (
				886786872BA6F39A00F1D3D1 /* main.cpp */,
			);
			name = "BJ10818 - 최소, 최대";
			path = "BJ10818 - 최소, 최대";
			sourceTree = "<group>";
		};
		886786912BA6F54D00F1D3D1 /* BJ10950 - A + B 3 */ = {
			isa = PBXGroup;
			children = (
				886786922BA6F54D00F1D3D1 /* main.cpp */,
			);
			path = "BJ10950 - A + B 3";
			sourceTree = "<group>";
		};
		8867869C2BA70D9300F1D3D1 /* BJ25304 - 영수증 */ = {
			isa = PBXGroup;
			children = (
				8867869D2BA70D9300F1D3D1 /* main.cpp */,
			);
			name = "BJ25304 - 영수증";
			path = "BJ25304 - 영수증";
			sourceTree = "<group>";
		};
		886786A72BA7108800F1D3D1 /* BJ2588 - 곱셈 */ = {
			isa = PBXGroup;
			children = (
				886786A82BA7108800F1D3D1 /* main.cpp */,
			);
			name = "BJ2588 - 곱셈";
			path = "BJ2588 - 곱셈";
			sourceTree = "<group>";
		};
		886786B22BA7116E00F1D3D1 /* BJ11382 - 꼬마 정민 */ = {
			isa = PBXGroup;
			children = (
				886786B32BA7116E00F1D3D1 /* main.cpp */,
			);
			name = "BJ11382 - 꼬마 정민";
			path = "BJ11382 - 꼬마 정민";
			sourceTree = "<group>";
		};
		886786BD2BA717F100F1D3D1 /* BJ25314 - 코딩은 체육과목 입니다 */ = {
			isa = PBXGroup;
			children = (
				886786BE2BA717F100F1D3D1 /* main.cpp */,
			);
			name = "BJ25314 - 코딩은 체육과목 입니다";
			path = "BJ25314 - 코딩은";
			sourceTree = "<group>";
		};
		887A80AB2B9956A5007ADDE6 /* BJ10430 - 나머지 */ = {
			isa = PBXGroup;
			children = (
				887A80AC2B9956A5007ADDE6 /* main.cpp */,
			);
			name = "BJ10430 - 나머지";
			path = "BJ10430 - 나머지";
			sourceTree = "<group>";
		};
		887A80B62B9958B1007ADDE6 /* BJ2438 - 별 찍기 1 */ = {
			isa = PBXGroup;
			children = (
				887A80B72B9958B1007ADDE6 /* main.cpp */,
			);
			name = "BJ2438 - 별 찍기 1";
			path = "BJ2438 - 별 찍기 1";
			sourceTree = "<group>";
		};
		887A80D72B995EEB007ADDE6 /* BJ10171 - 고양이 */ = {
			isa = PBXGroup;
			children = (
				887A80D82B995EEB007ADDE6 /* main.cpp */,
			);
			name = "BJ10171 - 고양이";
			path = "BJ10171 - 고양이";
			sourceTree = "<group>";
		};
		887A80E22B99601A007ADDE6 /* BJ10172 - 개 */ = {
			isa = PBXGroup;
			children = (
				887A80E32B99601A007ADDE6 /* main.cpp */,
			);
			name = "BJ10172 - 개";
			path = "BJ10172 - 개";
			sourceTree = "<group>";
		};
		887A80ED2B996295007ADDE6 /* BJ2753 - 윤년 */ = {
			isa = PBXGroup;
			children = (
				887A80EE2B996295007ADDE6 /* main.cpp */,
			);
			name = "BJ2753 - 윤년";
			path = "BJ2753 - 윤년";
			sourceTree = "<group>";
		};
		888168AF2BA7193E001946EE /* BJ11021 - A + B 7 */ = {
			isa = PBXGroup;
			children = (
				888168B02BA7193E001946EE /* main.cpp */,
			);
			path = "BJ11021 - A + B 7";
			sourceTree = "<group>";
		};
		888168BA2BA719FD001946EE /* BJ11022 - A + B 8 */ = {
			isa = PBXGroup;
			children = (
				888168BB2BA719FD001946EE /* main.cpp */,
			);
			path = "BJ11022 - A + B 8";
			sourceTree = "<group>";
		};
		88ADAB322B8D6361000D3281 = {
			isa = PBXGroup;
			children = (
				885DE48C2B9846F0004E7C3C /* BJ */,
				88ADAB552B8D64F8000D3281 /* BJ1008 - A÷B */,
				885DE44A2B982F77004E7C3C /* BJ2884 - 알람 시계 */,
				885DE4552B983288004E7C3C /* BJ2525 - 오븐 시계 */,
				885DE4602B983653004E7C3C /* BJ2739 - 구구단 */,
				885DE46B2B983799004E7C3C /* BJ8393 - 합 */,
				885DE4762B983E10004E7C3C /* BJ2558 - A + B 2 */,
				885DE4972B984806004E7C3C /* BJ10727 - 조별과제를 하려는데 조장이 사라졌다 */,
				887A80AB2B9956A5007ADDE6 /* BJ10430 - 나머지 */,
				887A80B62B9958B1007ADDE6 /* BJ2438 - 별 찍기 1 */,
				887A80D72B995EEB007ADDE6 /* BJ10171 - 고양이 */,
				887A80E22B99601A007ADDE6 /* BJ10172 - 개 */,
				887A80ED2B996295007ADDE6 /* BJ2753 - 윤년 */,
				886786702BA6EAF100F1D3D1 /* BJ10807 - 개수 세기 */,
				8867867B2BA6F0B700F1D3D1 /* BJ10871 - X보다 작은 수 */,
				886786862BA6F39A00F1D3D1 /* BJ10818 - 최소, 최대 */,
				886786912BA6F54D00F1D3D1 /* BJ10950 - A + B 3 */,
				8867869C2BA70D9300F1D3D1 /* BJ25304 - 영수증 */,
				886786A72BA7108800F1D3D1 /* BJ2588 - 곱셈 */,
				886786B22BA7116E00F1D3D1 /* BJ11382 - 꼬마 정민 */,
				886786BD2BA717F100F1D3D1 /* BJ25314 - 코딩은 체육과목 입니다 */,
				888168AF2BA7193E001946EE /* BJ11021 - A + B 7 */,
				888168BA2BA719FD001946EE /* BJ11022 - A + B 8 */,
				88ADAB3C2B8D6361000D3281 /* Products */,
			);
			sourceTree = "<group>";
		};
		88ADAB3C2B8D6361000D3281 /* Products */ = {
			isa = PBXGroup;
			children = (
				88ADAB542B8D64F8000D3281 /* BJ1008 */,
				885DE4492B982F76004E7C3C /* BJ2884 */,
				885DE4542B983288004E7C3C /* BJ2525 */,
				885DE45F2B983653004E7C3C /* BJ2739 */,
				885DE46A2B983799004E7C3C /* BJ8393 */,
				885DE4752B983E10004E7C3C /* BJ2558 */,
				885DE48B2B9846F0004E7C3C /* BJ */,
				885DE4962B984805004E7C3C /* BJ10727 */,
				887A80AA2B9956A5007ADDE6 /* BJ10430 */,
				887A80B52B9958B1007ADDE6 /* BJ2438 */,
				887A80D62B995EEB007ADDE6 /* BJ10171 */,
				887A80E12B99601A007ADDE6 /* BJ10172 */,
				887A80EC2B996295007ADDE6 /* BJ2753 */,
				8867866F2BA6EAF100F1D3D1 /* BJ10807 */,
				8867867A2BA6F0B700F1D3D1 /* BJ10871 */,
				886786852BA6F39A00F1D3D1 /* BJ10818 */,
				886786902BA6F54D00F1D3D1 /* BJ10950 */,
				8867869B2BA70D9300F1D3D1 /* BJ25304 */,
				886786A62BA7108800F1D3D1 /* BJ2588 */,
				886786B12BA7116E00F1D3D1 /* BJ11382 */,
				886786BC2BA717F100F1D3D1 /* BJ25314 */,
				888168AE2BA7193E001946EE /* BJ11021 */,
				888168B92BA719FD001946EE /* BJ11022 */,
			);
			name = Products;
			sourceTree = "<group>";
		};
		88ADAB552B8D64F8000D3281 /* BJ1008 - A÷B */ = {
			isa = PBXGroup;
			children = (
				88ADAB562B8D64F8000D3281 /* main.cpp */,
			);
			path = "BJ1008 - A÷B";
			sourceTree = "<group>";
		};
/* End PBXGroup section */

/* Begin PBXNativeTarget section */
		885DE4482B982F76004E7C3C /* BJ2884 */ = {
			isa = PBXNativeTarget;
			buildConfigurationList = 885DE44F2B982F77004E7C3C /* Build configuration list for PBXNativeTarget "BJ2884" */;
			buildPhases = (
				885DE4452B982F76004E7C3C /* Sources */,
				885DE4462B982F76004E7C3C /* Frameworks */,
				885DE4472B982F76004E7C3C /* CopyFiles */,
			);
			buildRules = (
			);
			dependencies = (
			);
			name = BJ2884;
			productName = BJ2884;
			productReference = 885DE4492B982F76004E7C3C /* BJ2884 */;
			productType = "com.apple.product-type.tool";
		};
		885DE4532B983288004E7C3C /* BJ2525 */ = {
			isa = PBXNativeTarget;
			buildConfigurationList = 885DE4582B983288004E7C3C /* Build configuration list for PBXNativeTarget "BJ2525" */;
			buildPhases = (
				885DE4502B983288004E7C3C /* Sources */,
				885DE4512B983288004E7C3C /* Frameworks */,
				885DE4522B983288004E7C3C /* CopyFiles */,
			);
			buildRules = (
			);
			dependencies = (
			);
			name = BJ2525;
			productName = BJ2525;
			productReference = 885DE4542B983288004E7C3C /* BJ2525 */;
			productType = "com.apple.product-type.tool";
		};
		885DE45E2B983653004E7C3C /* BJ2739 */ = {
			isa = PBXNativeTarget;
			buildConfigurationList = 885DE4632B983653004E7C3C /* Build configuration list for PBXNativeTarget "BJ2739" */;
			buildPhases = (
				885DE45B2B983653004E7C3C /* Sources */,
				885DE45C2B983653004E7C3C /* Frameworks */,
				885DE45D2B983653004E7C3C /* CopyFiles */,
			);
			buildRules = (
			);
			dependencies = (
			);
			name = BJ2739;
			productName = BJ2739;
			productReference = 885DE45F2B983653004E7C3C /* BJ2739 */;
			productType = "com.apple.product-type.tool";
		};
		885DE4692B983799004E7C3C /* BJ8393 */ = {
			isa = PBXNativeTarget;
			buildConfigurationList = 885DE46E2B983799004E7C3C /* Build configuration list for PBXNativeTarget "BJ8393" */;
			buildPhases = (
				885DE4662B983799004E7C3C /* Sources */,
				885DE4672B983799004E7C3C /* Frameworks */,
				885DE4682B983799004E7C3C /* CopyFiles */,
			);
			buildRules = (
			);
			dependencies = (
			);
			name = BJ8393;
			productName = BJ8393;
			productReference = 885DE46A2B983799004E7C3C /* BJ8393 */;
			productType = "com.apple.product-type.tool";
		};
		885DE4742B983E10004E7C3C /* BJ2558 */ = {
			isa = PBXNativeTarget;
			buildConfigurationList = 885DE4792B983E10004E7C3C /* Build configuration list for PBXNativeTarget "BJ2558" */;
			buildPhases = (
				885DE4712B983E10004E7C3C /* Sources */,
				885DE4722B983E10004E7C3C /* Frameworks */,
				885DE4732B983E10004E7C3C /* CopyFiles */,
			);
			buildRules = (
			);
			dependencies = (
			);
			name = BJ2558;
			productName = BJ2558;
			productReference = 885DE4752B983E10004E7C3C /* BJ2558 */;
			productType = "com.apple.product-type.tool";
		};
		885DE48A2B9846F0004E7C3C /* BJ */ = {
			isa = PBXNativeTarget;
			buildConfigurationList = 885DE48F2B9846F0004E7C3C /* Build configuration list for PBXNativeTarget "BJ" */;
			buildPhases = (
				885DE4872B9846F0004E7C3C /* Sources */,
				885DE4882B9846F0004E7C3C /* Frameworks */,
				885DE4892B9846F0004E7C3C /* CopyFiles */,
			);
			buildRules = (
			);
			dependencies = (
			);
			name = BJ;
			productName = BJ;
			productReference = 885DE48B2B9846F0004E7C3C /* BJ */;
			productType = "com.apple.product-type.tool";
		};
		885DE4952B984805004E7C3C /* BJ10727 */ = {
			isa = PBXNativeTarget;
			buildConfigurationList = 885DE49A2B984806004E7C3C /* Build configuration list for PBXNativeTarget "BJ10727" */;
			buildPhases = (
				885DE4922B984805004E7C3C /* Sources */,
				885DE4932B984805004E7C3C /* Frameworks */,
				885DE4942B984805004E7C3C /* CopyFiles */,
			);
			buildRules = (
			);
			dependencies = (
			);
			name = BJ10727;
			productName = BJ10727;
			productReference = 885DE4962B984805004E7C3C /* BJ10727 */;
			productType = "com.apple.product-type.tool";
		};
		8867866E2BA6EAF100F1D3D1 /* BJ10807 */ = {
			isa = PBXNativeTarget;
			buildConfigurationList = 886786752BA6EAF100F1D3D1 /* Build configuration list for PBXNativeTarget "BJ10807" */;
			buildPhases = (
				8867866B2BA6EAF100F1D3D1 /* Sources */,
				8867866C2BA6EAF100F1D3D1 /* Frameworks */,
				8867866D2BA6EAF100F1D3D1 /* CopyFiles */,
			);
			buildRules = (
			);
			dependencies = (
			);
			name = BJ10807;
			productName = BJ10807;
			productReference = 8867866F2BA6EAF100F1D3D1 /* BJ10807 */;
			productType = "com.apple.product-type.tool";
		};
		886786792BA6F0B700F1D3D1 /* BJ10871 */ = {
			isa = PBXNativeTarget;
			buildConfigurationList = 8867867E2BA6F0B700F1D3D1 /* Build configuration list for PBXNativeTarget "BJ10871" */;
			buildPhases = (
				886786762BA6F0B700F1D3D1 /* Sources */,
				886786772BA6F0B700F1D3D1 /* Frameworks */,
				886786782BA6F0B700F1D3D1 /* CopyFiles */,
			);
			buildRules = (
			);
			dependencies = (
			);
			name = BJ10871;
			productName = BJ10871;
			productReference = 8867867A2BA6F0B700F1D3D1 /* BJ10871 */;
			productType = "com.apple.product-type.tool";
		};
		886786842BA6F39A00F1D3D1 /* BJ10818 */ = {
			isa = PBXNativeTarget;
			buildConfigurationList = 886786892BA6F39A00F1D3D1 /* Build configuration list for PBXNativeTarget "BJ10818" */;
			buildPhases = (
				886786812BA6F39A00F1D3D1 /* Sources */,
				886786822BA6F39A00F1D3D1 /* Frameworks */,
				886786832BA6F39A00F1D3D1 /* CopyFiles */,
			);
			buildRules = (
			);
			dependencies = (
			);
			name = BJ10818;
			productName = BJ10818;
			productReference = 886786852BA6F39A00F1D3D1 /* BJ10818 */;
			productType = "com.apple.product-type.tool";
		};
		8867868F2BA6F54D00F1D3D1 /* BJ10950 */ = {
			isa = PBXNativeTarget;
			buildConfigurationList = 886786942BA6F54D00F1D3D1 /* Build configuration list for PBXNativeTarget "BJ10950" */;
			buildPhases = (
				8867868C2BA6F54D00F1D3D1 /* Sources */,
				8867868D2BA6F54D00F1D3D1 /* Frameworks */,
				8867868E2BA6F54D00F1D3D1 /* CopyFiles */,
			);
			buildRules = (
			);
			dependencies = (
			);
			name = BJ10950;
			productName = BJ10950;
			productReference = 886786902BA6F54D00F1D3D1 /* BJ10950 */;
			productType = "com.apple.product-type.tool";
		};
		8867869A2BA70D9300F1D3D1 /* BJ25304 */ = {
			isa = PBXNativeTarget;
			buildConfigurationList = 8867869F2BA70D9300F1D3D1 /* Build configuration list for PBXNativeTarget "BJ25304" */;
			buildPhases = (
				886786972BA70D9300F1D3D1 /* Sources */,
				886786982BA70D9300F1D3D1 /* Frameworks */,
				886786992BA70D9300F1D3D1 /* CopyFiles */,
			);
			buildRules = (
			);
			dependencies = (
			);
			name = BJ25304;
			productName = BJ25304;
			productReference = 8867869B2BA70D9300F1D3D1 /* BJ25304 */;
			productType = "com.apple.product-type.tool";
		};
		886786A52BA7108800F1D3D1 /* BJ2588 */ = {
			isa = PBXNativeTarget;
			buildConfigurationList = 886786AA2BA7108800F1D3D1 /* Build configuration list for PBXNativeTarget "BJ2588" */;
			buildPhases = (
				886786A22BA7108800F1D3D1 /* Sources */,
				886786A32BA7108800F1D3D1 /* Frameworks */,
				886786A42BA7108800F1D3D1 /* CopyFiles */,
			);
			buildRules = (
			);
			dependencies = (
			);
			name = BJ2588;
			productName = BJ2588;
			productReference = 886786A62BA7108800F1D3D1 /* BJ2588 */;
			productType = "com.apple.product-type.tool";
		};
		886786B02BA7116E00F1D3D1 /* BJ11382 */ = {
			isa = PBXNativeTarget;
			buildConfigurationList = 886786B52BA7116E00F1D3D1 /* Build configuration list for PBXNativeTarget "BJ11382" */;
			buildPhases = (
				886786AD2BA7116E00F1D3D1 /* Sources */,
				886786AE2BA7116E00F1D3D1 /* Frameworks */,
				886786AF2BA7116E00F1D3D1 /* CopyFiles */,
			);
			buildRules = (
			);
			dependencies = (
			);
			name = BJ11382;
			productName = BJ11382;
			productReference = 886786B12BA7116E00F1D3D1 /* BJ11382 */;
			productType = "com.apple.product-type.tool";
		};
		886786BB2BA717F100F1D3D1 /* BJ25314 */ = {
			isa = PBXNativeTarget;
			buildConfigurationList = 886786C02BA717F100F1D3D1 /* Build configuration list for PBXNativeTarget "BJ25314" */;
			buildPhases = (
				886786B82BA717F100F1D3D1 /* Sources */,
				886786B92BA717F100F1D3D1 /* Frameworks */,
				886786BA2BA717F100F1D3D1 /* CopyFiles */,
			);
			buildRules = (
			);
			dependencies = (
			);
			name = BJ25314;
			productName = BJ25314;
			productReference = 886786BC2BA717F100F1D3D1 /* BJ25314 */;
			productType = "com.apple.product-type.tool";
		};
		887A80A92B9956A5007ADDE6 /* BJ10430 */ = {
			isa = PBXNativeTarget;
			buildConfigurationList = 887A80AE2B9956A5007ADDE6 /* Build configuration list for PBXNativeTarget "BJ10430" */;
			buildPhases = (
				887A80A62B9956A5007ADDE6 /* Sources */,
				887A80A72B9956A5007ADDE6 /* Frameworks */,
				887A80A82B9956A5007ADDE6 /* CopyFiles */,
			);
			buildRules = (
			);
			dependencies = (
			);
			name = BJ10430;
			productName = BJ10430;
			productReference = 887A80AA2B9956A5007ADDE6 /* BJ10430 */;
			productType = "com.apple.product-type.tool";
		};
		887A80B42B9958B1007ADDE6 /* BJ2438 */ = {
			isa = PBXNativeTarget;
			buildConfigurationList = 887A80B92B9958B1007ADDE6 /* Build configuration list for PBXNativeTarget "BJ2438" */;
			buildPhases = (
				887A80B12B9958B1007ADDE6 /* Sources */,
				887A80B22B9958B1007ADDE6 /* Frameworks */,
				887A80B32B9958B1007ADDE6 /* CopyFiles */,
			);
			buildRules = (
			);
			dependencies = (
			);
			name = BJ2438;
			productName = BJ2438;
			productReference = 887A80B52B9958B1007ADDE6 /* BJ2438 */;
			productType = "com.apple.product-type.tool";
		};
		887A80D52B995EEB007ADDE6 /* BJ10171 */ = {
			isa = PBXNativeTarget;
			buildConfigurationList = 887A80DA2B995EEB007ADDE6 /* Build configuration list for PBXNativeTarget "BJ10171" */;
			buildPhases = (
				887A80D22B995EEB007ADDE6 /* Sources */,
				887A80D32B995EEB007ADDE6 /* Frameworks */,
				887A80D42B995EEB007ADDE6 /* CopyFiles */,
			);
			buildRules = (
			);
			dependencies = (
			);
			name = BJ10171;
			productName = BJ10171;
			productReference = 887A80D62B995EEB007ADDE6 /* BJ10171 */;
			productType = "com.apple.product-type.tool";
		};
		887A80E02B99601A007ADDE6 /* BJ10172 */ = {
			isa = PBXNativeTarget;
			buildConfigurationList = 887A80E52B99601A007ADDE6 /* Build configuration list for PBXNativeTarget "BJ10172" */;
			buildPhases = (
				887A80DD2B99601A007ADDE6 /* Sources */,
				887A80DE2B99601A007ADDE6 /* Frameworks */,
				887A80DF2B99601A007ADDE6 /* CopyFiles */,
			);
			buildRules = (
			);
			dependencies = (
			);
			name = BJ10172;
			productName = BJ10172;
			productReference = 887A80E12B99601A007ADDE6 /* BJ10172 */;
			productType = "com.apple.product-type.tool";
		};
		887A80EB2B996295007ADDE6 /* BJ2753 */ = {
			isa = PBXNativeTarget;
			buildConfigurationList = 887A80F02B996295007ADDE6 /* Build configuration list for PBXNativeTarget "BJ2753" */;
			buildPhases = (
				887A80E82B996295007ADDE6 /* Sources */,
				887A80E92B996295007ADDE6 /* Frameworks */,
				887A80EA2B996295007ADDE6 /* CopyFiles */,
			);
			buildRules = (
			);
			dependencies = (
			);
			name = BJ2753;
			productName = BJ2753;
			productReference = 887A80EC2B996295007ADDE6 /* BJ2753 */;
			productType = "com.apple.product-type.tool";
		};
		888168AD2BA7193E001946EE /* BJ11021 */ = {
			isa = PBXNativeTarget;
			buildConfigurationList = 888168B22BA7193E001946EE /* Build configuration list for PBXNativeTarget "BJ11021" */;
			buildPhases = (
				888168AA2BA7193E001946EE /* Sources */,
				888168AB2BA7193E001946EE /* Frameworks */,
				888168AC2BA7193E001946EE /* CopyFiles */,
			);
			buildRules = (
			);
			dependencies = (
			);
			name = BJ11021;
			productName = BJ11021;
			productReference = 888168AE2BA7193E001946EE /* BJ11021 */;
			productType = "com.apple.product-type.tool";
		};
		888168B82BA719FD001946EE /* BJ11022 */ = {
			isa = PBXNativeTarget;
			buildConfigurationList = 888168BD2BA719FD001946EE /* Build configuration list for PBXNativeTarget "BJ11022" */;
			buildPhases = (
				888168B52BA719FD001946EE /* Sources */,
				888168B62BA719FD001946EE /* Frameworks */,
				888168B72BA719FD001946EE /* CopyFiles */,
			);
			buildRules = (
			);
			dependencies = (
			);
			name = BJ11022;
			productName = BJ11022;
			productReference = 888168B92BA719FD001946EE /* BJ11022 */;
			productType = "com.apple.product-type.tool";
		};
		88ADAB532B8D64F8000D3281 /* BJ1008 */ = {
			isa = PBXNativeTarget;
			buildConfigurationList = 88ADAB582B8D64F8000D3281 /* Build configuration list for PBXNativeTarget "BJ1008" */;
			buildPhases = (
				88ADAB502B8D64F8000D3281 /* Sources */,
				88ADAB512B8D64F8000D3281 /* Frameworks */,
				88ADAB522B8D64F8000D3281 /* CopyFiles */,
			);
			buildRules = (
			);
			dependencies = (
			);
			name = BJ1008;
			productName = BJ1008;
			productReference = 88ADAB542B8D64F8000D3281 /* BJ1008 */;
			productType = "com.apple.product-type.tool";
		};
/* End PBXNativeTarget section */

/* Begin PBXProject section */
		88ADAB332B8D6361000D3281 /* Project object */ = {
			isa = PBXProject;
			attributes = {
				BuildIndependentTargetsInParallel = 1;
				LastUpgradeCheck = 1530;
				TargetAttributes = {
					885DE4482B982F76004E7C3C = {
						CreatedOnToolsVersion = 15.2;
					};
					885DE4532B983288004E7C3C = {
						CreatedOnToolsVersion = 15.2;
					};
					885DE45E2B983653004E7C3C = {
						CreatedOnToolsVersion = 15.2;
					};
					885DE4692B983799004E7C3C = {
						CreatedOnToolsVersion = 15.2;
					};
					885DE4742B983E10004E7C3C = {
						CreatedOnToolsVersion = 15.2;
					};
					885DE48A2B9846F0004E7C3C = {
						CreatedOnToolsVersion = 15.2;
					};
					885DE4952B984805004E7C3C = {
						CreatedOnToolsVersion = 15.2;
					};
					8867866E2BA6EAF100F1D3D1 = {
						CreatedOnToolsVersion = 15.3;
					};
					886786792BA6F0B700F1D3D1 = {
						CreatedOnToolsVersion = 15.3;
					};
					886786842BA6F39A00F1D3D1 = {
						CreatedOnToolsVersion = 15.3;
					};
					8867868F2BA6F54D00F1D3D1 = {
						CreatedOnToolsVersion = 15.3;
					};
					8867869A2BA70D9300F1D3D1 = {
						CreatedOnToolsVersion = 15.3;
					};
					886786A52BA7108800F1D3D1 = {
						CreatedOnToolsVersion = 15.3;
					};
					886786B02BA7116E00F1D3D1 = {
						CreatedOnToolsVersion = 15.3;
					};
					886786BB2BA717F100F1D3D1 = {
						CreatedOnToolsVersion = 15.3;
					};
					887A80A92B9956A5007ADDE6 = {
						CreatedOnToolsVersion = 15.3;
					};
					887A80B42B9958B1007ADDE6 = {
						CreatedOnToolsVersion = 15.3;
					};
					887A80D52B995EEB007ADDE6 = {
						CreatedOnToolsVersion = 15.3;
					};
					887A80E02B99601A007ADDE6 = {
						CreatedOnToolsVersion = 15.3;
					};
					887A80EB2B996295007ADDE6 = {
						CreatedOnToolsVersion = 15.3;
					};
					888168AD2BA7193E001946EE = {
						CreatedOnToolsVersion = 15.3;
					};
					888168B82BA719FD001946EE = {
						CreatedOnToolsVersion = 15.3;
					};
					88ADAB532B8D64F8000D3281 = {
						CreatedOnToolsVersion = 15.2;
					};
				};
			};
			buildConfigurationList = 88ADAB362B8D6361000D3281 /* Build configuration list for PBXProject "Baekjoon" */;
			compatibilityVersion = "Xcode 14.0";
			developmentRegion = en;
			hasScannedForEncodings = 0;
			knownRegions = (
				en,
				Base,
			);
			mainGroup = 88ADAB322B8D6361000D3281;
			productRefGroup = 88ADAB3C2B8D6361000D3281 /* Products */;
			projectDirPath = "";
			projectRoot = "";
			targets = (
				88ADAB532B8D64F8000D3281 /* BJ1008 */,
				885DE4482B982F76004E7C3C /* BJ2884 */,
				885DE4532B983288004E7C3C /* BJ2525 */,
				885DE45E2B983653004E7C3C /* BJ2739 */,
				885DE4692B983799004E7C3C /* BJ8393 */,
				885DE4742B983E10004E7C3C /* BJ2558 */,
				885DE48A2B9846F0004E7C3C /* BJ */,
				885DE4952B984805004E7C3C /* BJ10727 */,
				887A80A92B9956A5007ADDE6 /* BJ10430 */,
				887A80B42B9958B1007ADDE6 /* BJ2438 */,
				887A80D52B995EEB007ADDE6 /* BJ10171 */,
				887A80E02B99601A007ADDE6 /* BJ10172 */,
				887A80EB2B996295007ADDE6 /* BJ2753 */,
				8867866E2BA6EAF100F1D3D1 /* BJ10807 */,
				886786792BA6F0B700F1D3D1 /* BJ10871 */,
				886786842BA6F39A00F1D3D1 /* BJ10818 */,
				8867868F2BA6F54D00F1D3D1 /* BJ10950 */,
				8867869A2BA70D9300F1D3D1 /* BJ25304 */,
				886786A52BA7108800F1D3D1 /* BJ2588 */,
				886786B02BA7116E00F1D3D1 /* BJ11382 */,
				886786BB2BA717F100F1D3D1 /* BJ25314 */,
				888168AD2BA7193E001946EE /* BJ11021 */,
				888168B82BA719FD001946EE /* BJ11022 */,
			);
		};
/* End PBXProject section */

/* Begin PBXSourcesBuildPhase section */
		885DE4452B982F76004E7C3C /* Sources */ = {
			isa = PBXSourcesBuildPhase;
			buildActionMask = 2147483647;
			files = (
				885DE44C2B982F77004E7C3C /* main.cpp in Sources */,
			);
			runOnlyForDeploymentPostprocessing = 0;
		};
		885DE4502B983288004E7C3C /* Sources */ = {
			isa = PBXSourcesBuildPhase;
			buildActionMask = 2147483647;
			files = (
				885DE4572B983288004E7C3C /* main.cpp in Sources */,
			);
			runOnlyForDeploymentPostprocessing = 0;
		};
		885DE45B2B983653004E7C3C /* Sources */ = {
			isa = PBXSourcesBuildPhase;
			buildActionMask = 2147483647;
			files = (
				885DE4622B983653004E7C3C /* main.cpp in Sources */,
			);
			runOnlyForDeploymentPostprocessing = 0;
		};
		885DE4662B983799004E7C3C /* Sources */ = {
			isa = PBXSourcesBuildPhase;
			buildActionMask = 2147483647;
			files = (
				885DE46D2B983799004E7C3C /* main.cpp in Sources */,
			);
			runOnlyForDeploymentPostprocessing = 0;
		};
		885DE4712B983E10004E7C3C /* Sources */ = {
			isa = PBXSourcesBuildPhase;
			buildActionMask = 2147483647;
			files = (
				885DE4782B983E10004E7C3C /* main.cpp in Sources */,
			);
			runOnlyForDeploymentPostprocessing = 0;
		};
		885DE4872B9846F0004E7C3C /* Sources */ = {
			isa = PBXSourcesBuildPhase;
			buildActionMask = 2147483647;
			files = (
				885DE48E2B9846F0004E7C3C /* main.cpp in Sources */,
			);
			runOnlyForDeploymentPostprocessing = 0;
		};
		885DE4922B984805004E7C3C /* Sources */ = {
			isa = PBXSourcesBuildPhase;
			buildActionMask = 2147483647;
			files = (
				885DE4992B984806004E7C3C /* main.cpp in Sources */,
			);
			runOnlyForDeploymentPostprocessing = 0;
		};
		8867866B2BA6EAF100F1D3D1 /* Sources */ = {
			isa = PBXSourcesBuildPhase;
			buildActionMask = 2147483647;
			files = (
				886786722BA6EAF100F1D3D1 /* main.cpp in Sources */,
			);
			runOnlyForDeploymentPostprocessing = 0;
		};
		886786762BA6F0B700F1D3D1 /* Sources */ = {
			isa = PBXSourcesBuildPhase;
			buildActionMask = 2147483647;
			files = (
				8867867D2BA6F0B700F1D3D1 /* main.cpp in Sources */,
			);
			runOnlyForDeploymentPostprocessing = 0;
		};
		886786812BA6F39A00F1D3D1 /* Sources */ = {
			isa = PBXSourcesBuildPhase;
			buildActionMask = 2147483647;
			files = (
				886786882BA6F39A00F1D3D1 /* main.cpp in Sources */,
			);
			runOnlyForDeploymentPostprocessing = 0;
		};
		8867868C2BA6F54D00F1D3D1 /* Sources */ = {
			isa = PBXSourcesBuildPhase;
			buildActionMask = 2147483647;
			files = (
				886786932BA6F54D00F1D3D1 /* main.cpp in Sources */,
			);
			runOnlyForDeploymentPostprocessing = 0;
		};
		886786972BA70D9300F1D3D1 /* Sources */ = {
			isa = PBXSourcesBuildPhase;
			buildActionMask = 2147483647;
			files = (
				8867869E2BA70D9300F1D3D1 /* main.cpp in Sources */,
			);
			runOnlyForDeploymentPostprocessing = 0;
		};
		886786A22BA7108800F1D3D1 /* Sources */ = {
			isa = PBXSourcesBuildPhase;
			buildActionMask = 2147483647;
			files = (
				886786A92BA7108800F1D3D1 /* main.cpp in Sources */,
			);
			runOnlyForDeploymentPostprocessing = 0;
		};
		886786AD2BA7116E00F1D3D1 /* Sources */ = {
			isa = PBXSourcesBuildPhase;
			buildActionMask = 2147483647;
			files = (
				886786B42BA7116E00F1D3D1 /* main.cpp in Sources */,
			);
			runOnlyForDeploymentPostprocessing = 0;
		};
		886786B82BA717F100F1D3D1 /* Sources */ = {
			isa = PBXSourcesBuildPhase;
			buildActionMask = 2147483647;
			files = (
				886786BF2BA717F100F1D3D1 /* main.cpp in Sources */,
			);
			runOnlyForDeploymentPostprocessing = 0;
		};
		887A80A62B9956A5007ADDE6 /* Sources */ = {
			isa = PBXSourcesBuildPhase;
			buildActionMask = 2147483647;
			files = (
				887A80AD2B9956A5007ADDE6 /* main.cpp in Sources */,
			);
			runOnlyForDeploymentPostprocessing = 0;
		};
		887A80B12B9958B1007ADDE6 /* Sources */ = {
			isa = PBXSourcesBuildPhase;
			buildActionMask = 2147483647;
			files = (
				887A80B82B9958B1007ADDE6 /* main.cpp in Sources */,
			);
			runOnlyForDeploymentPostprocessing = 0;
		};
		887A80D22B995EEB007ADDE6 /* Sources */ = {
			isa = PBXSourcesBuildPhase;
			buildActionMask = 2147483647;
			files = (
				887A80D92B995EEB007ADDE6 /* main.cpp in Sources */,
			);
			runOnlyForDeploymentPostprocessing = 0;
		};
		887A80DD2B99601A007ADDE6 /* Sources */ = {
			isa = PBXSourcesBuildPhase;
			buildActionMask = 2147483647;
			files = (
				887A80E42B99601A007ADDE6 /* main.cpp in Sources */,
			);
			runOnlyForDeploymentPostprocessing = 0;
		};
		887A80E82B996295007ADDE6 /* Sources */ = {
			isa = PBXSourcesBuildPhase;
			buildActionMask = 2147483647;
			files = (
				887A80EF2B996295007ADDE6 /* main.cpp in Sources */,
			);
			runOnlyForDeploymentPostprocessing = 0;
		};
		888168AA2BA7193E001946EE /* Sources */ = {
			isa = PBXSourcesBuildPhase;
			buildActionMask = 2147483647;
			files = (
				888168B12BA7193E001946EE /* main.cpp in Sources */,
			);
			runOnlyForDeploymentPostprocessing = 0;
		};
		888168B52BA719FD001946EE /* Sources */ = {
			isa = PBXSourcesBuildPhase;
			buildActionMask = 2147483647;
			files = (
				888168BC2BA719FD001946EE /* main.cpp in Sources */,
			);
			runOnlyForDeploymentPostprocessing = 0;
		};
		88ADAB502B8D64F8000D3281 /* Sources */ = {
			isa = PBXSourcesBuildPhase;
			buildActionMask = 2147483647;
			files = (
				88ADAB572B8D64F8000D3281 /* main.cpp in Sources */,
			);
			runOnlyForDeploymentPostprocessing = 0;
		};
/* End PBXSourcesBuildPhase section */

/* Begin XCBuildConfiguration section */
		885DE44D2B982F77004E7C3C /* Debug */ = {
			isa = XCBuildConfiguration;
			buildSettings = {
				CODE_SIGN_STYLE = Automatic;
				DEAD_CODE_STRIPPING = YES;
				DEVELOPMENT_TEAM = PS2475WLUX;
				ENABLE_HARDENED_RUNTIME = YES;
				PRODUCT_NAME = "$(TARGET_NAME)";
			};
			name = Debug;
		};
		885DE44E2B982F77004E7C3C /* Release */ = {
			isa = XCBuildConfiguration;
			buildSettings = {
				CODE_SIGN_STYLE = Automatic;
				DEAD_CODE_STRIPPING = YES;
				DEVELOPMENT_TEAM = PS2475WLUX;
				ENABLE_HARDENED_RUNTIME = YES;
				PRODUCT_NAME = "$(TARGET_NAME)";
			};
			name = Release;
		};
		885DE4592B983288004E7C3C /* Debug */ = {
			isa = XCBuildConfiguration;
			buildSettings = {
				CODE_SIGN_STYLE = Automatic;
				DEAD_CODE_STRIPPING = YES;
				DEVELOPMENT_TEAM = PS2475WLUX;
				ENABLE_HARDENED_RUNTIME = YES;
				PRODUCT_NAME = "$(TARGET_NAME)";
			};
			name = Debug;
		};
		885DE45A2B983288004E7C3C /* Release */ = {
			isa = XCBuildConfiguration;
			buildSettings = {
				CODE_SIGN_STYLE = Automatic;
				DEAD_CODE_STRIPPING = YES;
				DEVELOPMENT_TEAM = PS2475WLUX;
				ENABLE_HARDENED_RUNTIME = YES;
				PRODUCT_NAME = "$(TARGET_NAME)";
			};
			name = Release;
		};
		885DE4642B983653004E7C3C /* Debug */ = {
			isa = XCBuildConfiguration;
			buildSettings = {
				CODE_SIGN_STYLE = Automatic;
				DEAD_CODE_STRIPPING = YES;
				DEVELOPMENT_TEAM = PS2475WLUX;
				ENABLE_HARDENED_RUNTIME = YES;
				PRODUCT_NAME = "$(TARGET_NAME)";
			};
			name = Debug;
		};
		885DE4652B983653004E7C3C /* Release */ = {
			isa = XCBuildConfiguration;
			buildSettings = {
				CODE_SIGN_STYLE = Automatic;
				DEAD_CODE_STRIPPING = YES;
				DEVELOPMENT_TEAM = PS2475WLUX;
				ENABLE_HARDENED_RUNTIME = YES;
				PRODUCT_NAME = "$(TARGET_NAME)";
			};
			name = Release;
		};
		885DE46F2B983799004E7C3C /* Debug */ = {
			isa = XCBuildConfiguration;
			buildSettings = {
				CODE_SIGN_STYLE = Automatic;
				DEAD_CODE_STRIPPING = YES;
				DEVELOPMENT_TEAM = PS2475WLUX;
				ENABLE_HARDENED_RUNTIME = YES;
				PRODUCT_NAME = "$(TARGET_NAME)";
			};
			name = Debug;
		};
		885DE4702B983799004E7C3C /* Release */ = {
			isa = XCBuildConfiguration;
			buildSettings = {
				CODE_SIGN_STYLE = Automatic;
				DEAD_CODE_STRIPPING = YES;
				DEVELOPMENT_TEAM = PS2475WLUX;
				ENABLE_HARDENED_RUNTIME = YES;
				PRODUCT_NAME = "$(TARGET_NAME)";
			};
			name = Release;
		};
		885DE47A2B983E10004E7C3C /* Debug */ = {
			isa = XCBuildConfiguration;
			buildSettings = {
				CODE_SIGN_STYLE = Automatic;
				DEAD_CODE_STRIPPING = YES;
				DEVELOPMENT_TEAM = PS2475WLUX;
				ENABLE_HARDENED_RUNTIME = YES;
				PRODUCT_NAME = "$(TARGET_NAME)";
			};
			name = Debug;
		};
		885DE47B2B983E10004E7C3C /* Release */ = {
			isa = XCBuildConfiguration;
			buildSettings = {
				CODE_SIGN_STYLE = Automatic;
				DEAD_CODE_STRIPPING = YES;
				DEVELOPMENT_TEAM = PS2475WLUX;
				ENABLE_HARDENED_RUNTIME = YES;
				PRODUCT_NAME = "$(TARGET_NAME)";
			};
			name = Release;
		};
		885DE4902B9846F0004E7C3C /* Debug */ = {
			isa = XCBuildConfiguration;
			buildSettings = {
				CODE_SIGN_STYLE = Automatic;
				DEAD_CODE_STRIPPING = YES;
				DEVELOPMENT_TEAM = PS2475WLUX;
				ENABLE_HARDENED_RUNTIME = YES;
				PRODUCT_NAME = "$(TARGET_NAME)";
			};
			name = Debug;
		};
		885DE4912B9846F0004E7C3C /* Release */ = {
			isa = XCBuildConfiguration;
			buildSettings = {
				CODE_SIGN_STYLE = Automatic;
				DEAD_CODE_STRIPPING = YES;
				DEVELOPMENT_TEAM = PS2475WLUX;
				ENABLE_HARDENED_RUNTIME = YES;
				PRODUCT_NAME = "$(TARGET_NAME)";
			};
			name = Release;
		};
		885DE49B2B984806004E7C3C /* Debug */ = {
			isa = XCBuildConfiguration;
			buildSettings = {
				CODE_SIGN_STYLE = Automatic;
				DEAD_CODE_STRIPPING = YES;
				DEVELOPMENT_TEAM = PS2475WLUX;
				ENABLE_HARDENED_RUNTIME = YES;
				PRODUCT_NAME = "$(TARGET_NAME)";
			};
			name = Debug;
		};
		885DE49C2B984806004E7C3C /* Release */ = {
			isa = XCBuildConfiguration;
			buildSettings = {
				CODE_SIGN_STYLE = Automatic;
				DEAD_CODE_STRIPPING = YES;
				DEVELOPMENT_TEAM = PS2475WLUX;
				ENABLE_HARDENED_RUNTIME = YES;
				PRODUCT_NAME = "$(TARGET_NAME)";
			};
			name = Release;
		};
		886786732BA6EAF100F1D3D1 /* Debug */ = {
			isa = XCBuildConfiguration;
			buildSettings = {
				CODE_SIGN_STYLE = Automatic;
				DEVELOPMENT_TEAM = PS2475WLUX;
				ENABLE_HARDENED_RUNTIME = YES;
				MACOSX_DEPLOYMENT_TARGET = 14.4;
				PRODUCT_NAME = "$(TARGET_NAME)";
			};
			name = Debug;
		};
		886786742BA6EAF100F1D3D1 /* Release */ = {
			isa = XCBuildConfiguration;
			buildSettings = {
				CODE_SIGN_STYLE = Automatic;
				DEVELOPMENT_TEAM = PS2475WLUX;
				ENABLE_HARDENED_RUNTIME = YES;
				MACOSX_DEPLOYMENT_TARGET = 14.4;
				PRODUCT_NAME = "$(TARGET_NAME)";
			};
			name = Release;
		};
		8867867F2BA6F0B700F1D3D1 /* Debug */ = {
			isa = XCBuildConfiguration;
			buildSettings = {
				CODE_SIGN_STYLE = Automatic;
				DEVELOPMENT_TEAM = PS2475WLUX;
				ENABLE_HARDENED_RUNTIME = YES;
				MACOSX_DEPLOYMENT_TARGET = 14.4;
				PRODUCT_NAME = "$(TARGET_NAME)";
			};
			name = Debug;
		};
		886786802BA6F0B700F1D3D1 /* Release */ = {
			isa = XCBuildConfiguration;
			buildSettings = {
				CODE_SIGN_STYLE = Automatic;
				DEVELOPMENT_TEAM = PS2475WLUX;
				ENABLE_HARDENED_RUNTIME = YES;
				MACOSX_DEPLOYMENT_TARGET = 14.4;
				PRODUCT_NAME = "$(TARGET_NAME)";
			};
			name = Release;
		};
		8867868A2BA6F39A00F1D3D1 /* Debug */ = {
			isa = XCBuildConfiguration;
			buildSettings = {
				CODE_SIGN_STYLE = Automatic;
				DEVELOPMENT_TEAM = PS2475WLUX;
				ENABLE_HARDENED_RUNTIME = YES;
				MACOSX_DEPLOYMENT_TARGET = 14.4;
				PRODUCT_NAME = "$(TARGET_NAME)";
			};
			name = Debug;
		};
		8867868B2BA6F39A00F1D3D1 /* Release */ = {
			isa = XCBuildConfiguration;
			buildSettings = {
				CODE_SIGN_STYLE = Automatic;
				DEVELOPMENT_TEAM = PS2475WLUX;
				ENABLE_HARDENED_RUNTIME = YES;
				MACOSX_DEPLOYMENT_TARGET = 14.4;
				PRODUCT_NAME = "$(TARGET_NAME)";
			};
			name = Release;
		};
		886786952BA6F54D00F1D3D1 /* Debug */ = {
			isa = XCBuildConfiguration;
			buildSettings = {
				CODE_SIGN_STYLE = Automatic;
				DEVELOPMENT_TEAM = PS2475WLUX;
				ENABLE_HARDENED_RUNTIME = YES;
				MACOSX_DEPLOYMENT_TARGET = 14.4;
				PRODUCT_NAME = "$(TARGET_NAME)";
			};
			name = Debug;
		};
		886786962BA6F54D00F1D3D1 /* Release */ = {
			isa = XCBuildConfiguration;
			buildSettings = {
				CODE_SIGN_STYLE = Automatic;
				DEVELOPMENT_TEAM = PS2475WLUX;
				ENABLE_HARDENED_RUNTIME = YES;
				MACOSX_DEPLOYMENT_TARGET = 14.4;
				PRODUCT_NAME = "$(TARGET_NAME)";
			};
			name = Release;
		};
		886786A02BA70D9300F1D3D1 /* Debug */ = {
			isa = XCBuildConfiguration;
			buildSettings = {
				CODE_SIGN_STYLE = Automatic;
				DEVELOPMENT_TEAM = PS2475WLUX;
				ENABLE_HARDENED_RUNTIME = YES;
				MACOSX_DEPLOYMENT_TARGET = 14.4;
				PRODUCT_NAME = "$(TARGET_NAME)";
			};
			name = Debug;
		};
		886786A12BA70D9300F1D3D1 /* Release */ = {
			isa = XCBuildConfiguration;
			buildSettings = {
				CODE_SIGN_STYLE = Automatic;
				DEVELOPMENT_TEAM = PS2475WLUX;
				ENABLE_HARDENED_RUNTIME = YES;
				MACOSX_DEPLOYMENT_TARGET = 14.4;
				PRODUCT_NAME = "$(TARGET_NAME)";
			};
			name = Release;
		};
		886786AB2BA7108800F1D3D1 /* Debug */ = {
			isa = XCBuildConfiguration;
			buildSettings = {
				CODE_SIGN_STYLE = Automatic;
				DEVELOPMENT_TEAM = PS2475WLUX;
				ENABLE_HARDENED_RUNTIME = YES;
				MACOSX_DEPLOYMENT_TARGET = 14.4;
				PRODUCT_NAME = "$(TARGET_NAME)";
			};
			name = Debug;
		};
		886786AC2BA7108800F1D3D1 /* Release */ = {
			isa = XCBuildConfiguration;
			buildSettings = {
				CODE_SIGN_STYLE = Automatic;
				DEVELOPMENT_TEAM = PS2475WLUX;
				ENABLE_HARDENED_RUNTIME = YES;
				MACOSX_DEPLOYMENT_TARGET = 14.4;
				PRODUCT_NAME = "$(TARGET_NAME)";
			};
			name = Release;
		};
		886786B62BA7116E00F1D3D1 /* Debug */ = {
			isa = XCBuildConfiguration;
			buildSettings = {
				CODE_SIGN_STYLE = Automatic;
				DEVELOPMENT_TEAM = PS2475WLUX;
				ENABLE_HARDENED_RUNTIME = YES;
				MACOSX_DEPLOYMENT_TARGET = 14.4;
				PRODUCT_NAME = "$(TARGET_NAME)";
			};
			name = Debug;
		};
		886786B72BA7116E00F1D3D1 /* Release */ = {
			isa = XCBuildConfiguration;
			buildSettings = {
				CODE_SIGN_STYLE = Automatic;
				DEVELOPMENT_TEAM = PS2475WLUX;
				ENABLE_HARDENED_RUNTIME = YES;
				MACOSX_DEPLOYMENT_TARGET = 14.4;
				PRODUCT_NAME = "$(TARGET_NAME)";
			};
			name = Release;
		};
		886786C12BA717F100F1D3D1 /* Debug */ = {
			isa = XCBuildConfiguration;
			buildSettings = {
				CODE_SIGN_STYLE = Automatic;
				DEVELOPMENT_TEAM = PS2475WLUX;
				ENABLE_HARDENED_RUNTIME = YES;
				MACOSX_DEPLOYMENT_TARGET = 14.4;
				PRODUCT_NAME = "$(TARGET_NAME)";
			};
			name = Debug;
		};
		886786C22BA717F100F1D3D1 /* Release */ = {
			isa = XCBuildConfiguration;
			buildSettings = {
				CODE_SIGN_STYLE = Automatic;
				DEVELOPMENT_TEAM = PS2475WLUX;
				ENABLE_HARDENED_RUNTIME = YES;
				MACOSX_DEPLOYMENT_TARGET = 14.4;
				PRODUCT_NAME = "$(TARGET_NAME)";
			};
			name = Release;
		};
		887A80AF2B9956A5007ADDE6 /* Debug */ = {
			isa = XCBuildConfiguration;
			buildSettings = {
				CODE_SIGN_STYLE = Automatic;
				DEAD_CODE_STRIPPING = YES;
				DEVELOPMENT_TEAM = PS2475WLUX;
				ENABLE_HARDENED_RUNTIME = YES;
				MACOSX_DEPLOYMENT_TARGET = 14.3;
				PRODUCT_NAME = "$(TARGET_NAME)";
			};
			name = Debug;
		};
		887A80B02B9956A5007ADDE6 /* Release */ = {
			isa = XCBuildConfiguration;
			buildSettings = {
				CODE_SIGN_STYLE = Automatic;
				DEAD_CODE_STRIPPING = YES;
				DEVELOPMENT_TEAM = PS2475WLUX;
				ENABLE_HARDENED_RUNTIME = YES;
				MACOSX_DEPLOYMENT_TARGET = 14.3;
				PRODUCT_NAME = "$(TARGET_NAME)";
			};
			name = Release;
		};
		887A80BA2B9958B1007ADDE6 /* Debug */ = {
			isa = XCBuildConfiguration;
			buildSettings = {
				CODE_SIGN_STYLE = Automatic;
				DEAD_CODE_STRIPPING = YES;
				DEVELOPMENT_TEAM = PS2475WLUX;
				ENABLE_HARDENED_RUNTIME = YES;
				MACOSX_DEPLOYMENT_TARGET = 14.3;
				PRODUCT_NAME = "$(TARGET_NAME)";
			};
			name = Debug;
		};
		887A80BB2B9958B1007ADDE6 /* Release */ = {
			isa = XCBuildConfiguration;
			buildSettings = {
				CODE_SIGN_STYLE = Automatic;
				DEAD_CODE_STRIPPING = YES;
				DEVELOPMENT_TEAM = PS2475WLUX;
				ENABLE_HARDENED_RUNTIME = YES;
				MACOSX_DEPLOYMENT_TARGET = 14.3;
				PRODUCT_NAME = "$(TARGET_NAME)";
			};
			name = Release;
		};
		887A80DB2B995EEB007ADDE6 /* Debug */ = {
			isa = XCBuildConfiguration;
			buildSettings = {
				CODE_SIGN_STYLE = Automatic;
				DEVELOPMENT_TEAM = PS2475WLUX;
				ENABLE_HARDENED_RUNTIME = YES;
				MACOSX_DEPLOYMENT_TARGET = 14.3;
				PRODUCT_NAME = "$(TARGET_NAME)";
			};
			name = Debug;
		};
		887A80DC2B995EEB007ADDE6 /* Release */ = {
			isa = XCBuildConfiguration;
			buildSettings = {
				CODE_SIGN_STYLE = Automatic;
				DEVELOPMENT_TEAM = PS2475WLUX;
				ENABLE_HARDENED_RUNTIME = YES;
				MACOSX_DEPLOYMENT_TARGET = 14.3;
				PRODUCT_NAME = "$(TARGET_NAME)";
			};
			name = Release;
		};
		887A80E62B99601A007ADDE6 /* Debug */ = {
			isa = XCBuildConfiguration;
			buildSettings = {
				CODE_SIGN_STYLE = Automatic;
				DEVELOPMENT_TEAM = PS2475WLUX;
				ENABLE_HARDENED_RUNTIME = YES;
				MACOSX_DEPLOYMENT_TARGET = 14.3;
				PRODUCT_NAME = "$(TARGET_NAME)";
			};
			name = Debug;
		};
		887A80E72B99601A007ADDE6 /* Release */ = {
			isa = XCBuildConfiguration;
			buildSettings = {
				CODE_SIGN_STYLE = Automatic;
				DEVELOPMENT_TEAM = PS2475WLUX;
				ENABLE_HARDENED_RUNTIME = YES;
				MACOSX_DEPLOYMENT_TARGET = 14.3;
				PRODUCT_NAME = "$(TARGET_NAME)";
			};
			name = Release;
		};
		887A80F12B996295007ADDE6 /* Debug */ = {
			isa = XCBuildConfiguration;
			buildSettings = {
				CODE_SIGN_STYLE = Automatic;
				DEVELOPMENT_TEAM = PS2475WLUX;
				ENABLE_HARDENED_RUNTIME = YES;
				MACOSX_DEPLOYMENT_TARGET = 14.3;
				PRODUCT_NAME = "$(TARGET_NAME)";
			};
			name = Debug;
		};
		887A80F22B996295007ADDE6 /* Release */ = {
			isa = XCBuildConfiguration;
			buildSettings = {
				CODE_SIGN_STYLE = Automatic;
				DEVELOPMENT_TEAM = PS2475WLUX;
				ENABLE_HARDENED_RUNTIME = YES;
				MACOSX_DEPLOYMENT_TARGET = 14.3;
				PRODUCT_NAME = "$(TARGET_NAME)";
			};
			name = Release;
		};
		888168B32BA7193E001946EE /* Debug */ = {
			isa = XCBuildConfiguration;
			buildSettings = {
				CODE_SIGN_STYLE = Automatic;
				DEVELOPMENT_TEAM = PS2475WLUX;
				ENABLE_HARDENED_RUNTIME = YES;
				MACOSX_DEPLOYMENT_TARGET = 14.4;
				PRODUCT_NAME = "$(TARGET_NAME)";
			};
			name = Debug;
		};
		888168B42BA7193E001946EE /* Release */ = {
			isa = XCBuildConfiguration;
			buildSettings = {
				CODE_SIGN_STYLE = Automatic;
				DEVELOPMENT_TEAM = PS2475WLUX;
				ENABLE_HARDENED_RUNTIME = YES;
				MACOSX_DEPLOYMENT_TARGET = 14.4;
				PRODUCT_NAME = "$(TARGET_NAME)";
			};
			name = Release;
		};
		888168BE2BA719FD001946EE /* Debug */ = {
			isa = XCBuildConfiguration;
			buildSettings = {
				CODE_SIGN_STYLE = Automatic;
				DEVELOPMENT_TEAM = PS2475WLUX;
				ENABLE_HARDENED_RUNTIME = YES;
				MACOSX_DEPLOYMENT_TARGET = 14.4;
				PRODUCT_NAME = "$(TARGET_NAME)";
			};
			name = Debug;
		};
		888168BF2BA719FD001946EE /* Release */ = {
			isa = XCBuildConfiguration;
			buildSettings = {
				CODE_SIGN_STYLE = Automatic;
				DEVELOPMENT_TEAM = PS2475WLUX;
				ENABLE_HARDENED_RUNTIME = YES;
				MACOSX_DEPLOYMENT_TARGET = 14.4;
				PRODUCT_NAME = "$(TARGET_NAME)";
			};
			name = Release;
		};
		88ADAB402B8D6361000D3281 /* Debug */ = {
			isa = XCBuildConfiguration;
			buildSettings = {
				ALWAYS_SEARCH_USER_PATHS = NO;
				ASSETCATALOG_COMPILER_GENERATE_SWIFT_ASSET_SYMBOL_EXTENSIONS = YES;
				CLANG_ANALYZER_NONNULL = YES;
				CLANG_ANALYZER_NUMBER_OBJECT_CONVERSION = YES_AGGRESSIVE;
				CLANG_CXX_LANGUAGE_STANDARD = "gnu++20";
				CLANG_ENABLE_MODULES = YES;
				CLANG_ENABLE_OBJC_ARC = YES;
				CLANG_ENABLE_OBJC_WEAK = YES;
				CLANG_WARN_BLOCK_CAPTURE_AUTORELEASING = YES;
				CLANG_WARN_BOOL_CONVERSION = YES;
				CLANG_WARN_COMMA = YES;
				CLANG_WARN_CONSTANT_CONVERSION = YES;
				CLANG_WARN_DEPRECATED_OBJC_IMPLEMENTATIONS = YES;
				CLANG_WARN_DIRECT_OBJC_ISA_USAGE = YES_ERROR;
				CLANG_WARN_DOCUMENTATION_COMMENTS = YES;
				CLANG_WARN_EMPTY_BODY = YES;
				CLANG_WARN_ENUM_CONVERSION = YES;
				CLANG_WARN_INFINITE_RECURSION = YES;
				CLANG_WARN_INT_CONVERSION = YES;
				CLANG_WARN_NON_LITERAL_NULL_CONVERSION = YES;
				CLANG_WARN_OBJC_IMPLICIT_RETAIN_SELF = YES;
				CLANG_WARN_OBJC_LITERAL_CONVERSION = YES;
				CLANG_WARN_OBJC_ROOT_CLASS = YES_ERROR;
				CLANG_WARN_QUOTED_INCLUDE_IN_FRAMEWORK_HEADER = YES;
				CLANG_WARN_RANGE_LOOP_ANALYSIS = YES;
				CLANG_WARN_STRICT_PROTOTYPES = YES;
				CLANG_WARN_SUSPICIOUS_MOVE = YES;
				CLANG_WARN_UNGUARDED_AVAILABILITY = YES_AGGRESSIVE;
				CLANG_WARN_UNREACHABLE_CODE = YES;
				CLANG_WARN__DUPLICATE_METHOD_MATCH = YES;
				COPY_PHASE_STRIP = NO;
				DEAD_CODE_STRIPPING = YES;
				DEBUG_INFORMATION_FORMAT = dwarf;
				ENABLE_STRICT_OBJC_MSGSEND = YES;
				ENABLE_TESTABILITY = YES;
				ENABLE_USER_SCRIPT_SANDBOXING = YES;
				GCC_C_LANGUAGE_STANDARD = gnu17;
				GCC_DYNAMIC_NO_PIC = NO;
				GCC_NO_COMMON_BLOCKS = YES;
				GCC_OPTIMIZATION_LEVEL = 0;
				GCC_PREPROCESSOR_DEFINITIONS = (
					"DEBUG=1",
					"$(inherited)",
				);
				GCC_WARN_64_TO_32_BIT_CONVERSION = YES;
				GCC_WARN_ABOUT_RETURN_TYPE = YES_ERROR;
				GCC_WARN_UNDECLARED_SELECTOR = YES;
				GCC_WARN_UNINITIALIZED_AUTOS = YES_AGGRESSIVE;
				GCC_WARN_UNUSED_FUNCTION = YES;
				GCC_WARN_UNUSED_VARIABLE = YES;
				LOCALIZATION_PREFERS_STRING_CATALOGS = YES;
				MACOSX_DEPLOYMENT_TARGET = 14.2;
				MTL_ENABLE_DEBUG_INFO = INCLUDE_SOURCE;
				MTL_FAST_MATH = YES;
				ONLY_ACTIVE_ARCH = YES;
				SDKROOT = macosx;
			};
			name = Debug;
		};
		88ADAB412B8D6361000D3281 /* Release */ = {
			isa = XCBuildConfiguration;
			buildSettings = {
				ALWAYS_SEARCH_USER_PATHS = NO;
				ASSETCATALOG_COMPILER_GENERATE_SWIFT_ASSET_SYMBOL_EXTENSIONS = YES;
				CLANG_ANALYZER_NONNULL = YES;
				CLANG_ANALYZER_NUMBER_OBJECT_CONVERSION = YES_AGGRESSIVE;
				CLANG_CXX_LANGUAGE_STANDARD = "gnu++20";
				CLANG_ENABLE_MODULES = YES;
				CLANG_ENABLE_OBJC_ARC = YES;
				CLANG_ENABLE_OBJC_WEAK = YES;
				CLANG_WARN_BLOCK_CAPTURE_AUTORELEASING = YES;
				CLANG_WARN_BOOL_CONVERSION = YES;
				CLANG_WARN_COMMA = YES;
				CLANG_WARN_CONSTANT_CONVERSION = YES;
				CLANG_WARN_DEPRECATED_OBJC_IMPLEMENTATIONS = YES;
				CLANG_WARN_DIRECT_OBJC_ISA_USAGE = YES_ERROR;
				CLANG_WARN_DOCUMENTATION_COMMENTS = YES;
				CLANG_WARN_EMPTY_BODY = YES;
				CLANG_WARN_ENUM_CONVERSION = YES;
				CLANG_WARN_INFINITE_RECURSION = YES;
				CLANG_WARN_INT_CONVERSION = YES;
				CLANG_WARN_NON_LITERAL_NULL_CONVERSION = YES;
				CLANG_WARN_OBJC_IMPLICIT_RETAIN_SELF = YES;
				CLANG_WARN_OBJC_LITERAL_CONVERSION = YES;
				CLANG_WARN_OBJC_ROOT_CLASS = YES_ERROR;
				CLANG_WARN_QUOTED_INCLUDE_IN_FRAMEWORK_HEADER = YES;
				CLANG_WARN_RANGE_LOOP_ANALYSIS = YES;
				CLANG_WARN_STRICT_PROTOTYPES = YES;
				CLANG_WARN_SUSPICIOUS_MOVE = YES;
				CLANG_WARN_UNGUARDED_AVAILABILITY = YES_AGGRESSIVE;
				CLANG_WARN_UNREACHABLE_CODE = YES;
				CLANG_WARN__DUPLICATE_METHOD_MATCH = YES;
				COPY_PHASE_STRIP = NO;
				DEAD_CODE_STRIPPING = YES;
				DEBUG_INFORMATION_FORMAT = "dwarf-with-dsym";
				ENABLE_NS_ASSERTIONS = NO;
				ENABLE_STRICT_OBJC_MSGSEND = YES;
				ENABLE_USER_SCRIPT_SANDBOXING = YES;
				GCC_C_LANGUAGE_STANDARD = gnu17;
				GCC_NO_COMMON_BLOCKS = YES;
				GCC_WARN_64_TO_32_BIT_CONVERSION = YES;
				GCC_WARN_ABOUT_RETURN_TYPE = YES_ERROR;
				GCC_WARN_UNDECLARED_SELECTOR = YES;
				GCC_WARN_UNINITIALIZED_AUTOS = YES_AGGRESSIVE;
				GCC_WARN_UNUSED_FUNCTION = YES;
				GCC_WARN_UNUSED_VARIABLE = YES;
				LOCALIZATION_PREFERS_STRING_CATALOGS = YES;
				MACOSX_DEPLOYMENT_TARGET = 14.2;
				MTL_ENABLE_DEBUG_INFO = NO;
				MTL_FAST_MATH = YES;
				SDKROOT = macosx;
			};
			name = Release;
		};
		88ADAB592B8D64F8000D3281 /* Debug */ = {
			isa = XCBuildConfiguration;
			buildSettings = {
				CODE_SIGN_STYLE = Automatic;
				DEAD_CODE_STRIPPING = YES;
				DEVELOPMENT_TEAM = PS2475WLUX;
				ENABLE_HARDENED_RUNTIME = YES;
				PRODUCT_NAME = "$(TARGET_NAME)";
			};
			name = Debug;
		};
		88ADAB5A2B8D64F8000D3281 /* Release */ = {
			isa = XCBuildConfiguration;
			buildSettings = {
				CODE_SIGN_STYLE = Automatic;
				DEAD_CODE_STRIPPING = YES;
				DEVELOPMENT_TEAM = PS2475WLUX;
				ENABLE_HARDENED_RUNTIME = YES;
				PRODUCT_NAME = "$(TARGET_NAME)";
			};
			name = Release;
		};
/* End XCBuildConfiguration section */

/* Begin XCConfigurationList section */
		885DE44F2B982F77004E7C3C /* Build configuration list for PBXNativeTarget "BJ2884" */ = {
			isa = XCConfigurationList;
			buildConfigurations = (
				885DE44D2B982F77004E7C3C /* Debug */,
				885DE44E2B982F77004E7C3C /* Release */,
			);
			defaultConfigurationIsVisible = 0;
			defaultConfigurationName = Release;
		};
		885DE4582B983288004E7C3C /* Build configuration list for PBXNativeTarget "BJ2525" */ = {
			isa = XCConfigurationList;
			buildConfigurations = (
				885DE4592B983288004E7C3C /* Debug */,
				885DE45A2B983288004E7C3C /* Release */,
			);
			defaultConfigurationIsVisible = 0;
			defaultConfigurationName = Release;
		};
		885DE4632B983653004E7C3C /* Build configuration list for PBXNativeTarget "BJ2739" */ = {
			isa = XCConfigurationList;
			buildConfigurations = (
				885DE4642B983653004E7C3C /* Debug */,
				885DE4652B983653004E7C3C /* Release */,
			);
			defaultConfigurationIsVisible = 0;
			defaultConfigurationName = Release;
		};
		885DE46E2B983799004E7C3C /* Build configuration list for PBXNativeTarget "BJ8393" */ = {
			isa = XCConfigurationList;
			buildConfigurations = (
				885DE46F2B983799004E7C3C /* Debug */,
				885DE4702B983799004E7C3C /* Release */,
			);
			defaultConfigurationIsVisible = 0;
			defaultConfigurationName = Release;
		};
		885DE4792B983E10004E7C3C /* Build configuration list for PBXNativeTarget "BJ2558" */ = {
			isa = XCConfigurationList;
			buildConfigurations = (
				885DE47A2B983E10004E7C3C /* Debug */,
				885DE47B2B983E10004E7C3C /* Release */,
			);
			defaultConfigurationIsVisible = 0;
			defaultConfigurationName = Release;
		};
		885DE48F2B9846F0004E7C3C /* Build configuration list for PBXNativeTarget "BJ" */ = {
			isa = XCConfigurationList;
			buildConfigurations = (
				885DE4902B9846F0004E7C3C /* Debug */,
				885DE4912B9846F0004E7C3C /* Release */,
			);
			defaultConfigurationIsVisible = 0;
			defaultConfigurationName = Release;
		};
		885DE49A2B984806004E7C3C /* Build configuration list for PBXNativeTarget "BJ10727" */ = {
			isa = XCConfigurationList;
			buildConfigurations = (
				885DE49B2B984806004E7C3C /* Debug */,
				885DE49C2B984806004E7C3C /* Release */,
			);
			defaultConfigurationIsVisible = 0;
			defaultConfigurationName = Release;
		};
		886786752BA6EAF100F1D3D1 /* Build configuration list for PBXNativeTarget "BJ10807" */ = {
			isa = XCConfigurationList;
			buildConfigurations = (
				886786732BA6EAF100F1D3D1 /* Debug */,
				886786742BA6EAF100F1D3D1 /* Release */,
			);
			defaultConfigurationIsVisible = 0;
			defaultConfigurationName = Release;
		};
		8867867E2BA6F0B700F1D3D1 /* Build configuration list for PBXNativeTarget "BJ10871" */ = {
			isa = XCConfigurationList;
			buildConfigurations = (
				8867867F2BA6F0B700F1D3D1 /* Debug */,
				886786802BA6F0B700F1D3D1 /* Release */,
			);
			defaultConfigurationIsVisible = 0;
			defaultConfigurationName = Release;
		};
		886786892BA6F39A00F1D3D1 /* Build configuration list for PBXNativeTarget "BJ10818" */ = {
			isa = XCConfigurationList;
			buildConfigurations = (
				8867868A2BA6F39A00F1D3D1 /* Debug */,
				8867868B2BA6F39A00F1D3D1 /* Release */,
			);
			defaultConfigurationIsVisible = 0;
			defaultConfigurationName = Release;
		};
		886786942BA6F54D00F1D3D1 /* Build configuration list for PBXNativeTarget "BJ10950" */ = {
			isa = XCConfigurationList;
			buildConfigurations = (
				886786952BA6F54D00F1D3D1 /* Debug */,
				886786962BA6F54D00F1D3D1 /* Release */,
			);
			defaultConfigurationIsVisible = 0;
			defaultConfigurationName = Release;
		};
		8867869F2BA70D9300F1D3D1 /* Build configuration list for PBXNativeTarget "BJ25304" */ = {
			isa = XCConfigurationList;
			buildConfigurations = (
				886786A02BA70D9300F1D3D1 /* Debug */,
				886786A12BA70D9300F1D3D1 /* Release */,
			);
			defaultConfigurationIsVisible = 0;
			defaultConfigurationName = Release;
		};
		886786AA2BA7108800F1D3D1 /* Build configuration list for PBXNativeTarget "BJ2588" */ = {
			isa = XCConfigurationList;
			buildConfigurations = (
				886786AB2BA7108800F1D3D1 /* Debug */,
				886786AC2BA7108800F1D3D1 /* Release */,
			);
			defaultConfigurationIsVisible = 0;
			defaultConfigurationName = Release;
		};
		886786B52BA7116E00F1D3D1 /* Build configuration list for PBXNativeTarget "BJ11382" */ = {
			isa = XCConfigurationList;
			buildConfigurations = (
				886786B62BA7116E00F1D3D1 /* Debug */,
				886786B72BA7116E00F1D3D1 /* Release */,
			);
			defaultConfigurationIsVisible = 0;
			defaultConfigurationName = Release;
		};
		886786C02BA717F100F1D3D1 /* Build configuration list for PBXNativeTarget "BJ25314" */ = {
			isa = XCConfigurationList;
			buildConfigurations = (
				886786C12BA717F100F1D3D1 /* Debug */,
				886786C22BA717F100F1D3D1 /* Release */,
			);
			defaultConfigurationIsVisible = 0;
			defaultConfigurationName = Release;
		};
		887A80AE2B9956A5007ADDE6 /* Build configuration list for PBXNativeTarget "BJ10430" */ = {
			isa = XCConfigurationList;
			buildConfigurations = (
				887A80AF2B9956A5007ADDE6 /* Debug */,
				887A80B02B9956A5007ADDE6 /* Release */,
			);
			defaultConfigurationIsVisible = 0;
			defaultConfigurationName = Release;
		};
		887A80B92B9958B1007ADDE6 /* Build configuration list for PBXNativeTarget "BJ2438" */ = {
			isa = XCConfigurationList;
			buildConfigurations = (
				887A80BA2B9958B1007ADDE6 /* Debug */,
				887A80BB2B9958B1007ADDE6 /* Release */,
			);
			defaultConfigurationIsVisible = 0;
			defaultConfigurationName = Release;
		};
		887A80DA2B995EEB007ADDE6 /* Build configuration list for PBXNativeTarget "BJ10171" */ = {
			isa = XCConfigurationList;
			buildConfigurations = (
				887A80DB2B995EEB007ADDE6 /* Debug */,
				887A80DC2B995EEB007ADDE6 /* Release */,
			);
			defaultConfigurationIsVisible = 0;
			defaultConfigurationName = Release;
		};
		887A80E52B99601A007ADDE6 /* Build configuration list for PBXNativeTarget "BJ10172" */ = {
			isa = XCConfigurationList;
			buildConfigurations = (
				887A80E62B99601A007ADDE6 /* Debug */,
				887A80E72B99601A007ADDE6 /* Release */,
			);
			defaultConfigurationIsVisible = 0;
			defaultConfigurationName = Release;
		};
		887A80F02B996295007ADDE6 /* Build configuration list for PBXNativeTarget "BJ2753" */ = {
			isa = XCConfigurationList;
			buildConfigurations = (
				887A80F12B996295007ADDE6 /* Debug */,
				887A80F22B996295007ADDE6 /* Release */,
			);
			defaultConfigurationIsVisible = 0;
			defaultConfigurationName = Release;
		};
		888168B22BA7193E001946EE /* Build configuration list for PBXNativeTarget "BJ11021" */ = {
			isa = XCConfigurationList;
			buildConfigurations = (
				888168B32BA7193E001946EE /* Debug */,
				888168B42BA7193E001946EE /* Release */,
			);
			defaultConfigurationIsVisible = 0;
			defaultConfigurationName = Release;
		};
		888168BD2BA719FD001946EE /* Build configuration list for PBXNativeTarget "BJ11022" */ = {
			isa = XCConfigurationList;
			buildConfigurations = (
				888168BE2BA719FD001946EE /* Debug */,
				888168BF2BA719FD001946EE /* Release */,
			);
			defaultConfigurationIsVisible = 0;
			defaultConfigurationName = Release;
		};
		88ADAB362B8D6361000D3281 /* Build configuration list for PBXProject "Baekjoon" */ = {
			isa = XCConfigurationList;
			buildConfigurations = (
				88ADAB402B8D6361000D3281 /* Debug */,
				88ADAB412B8D6361000D3281 /* Release */,
			);
			defaultConfigurationIsVisible = 0;
			defaultConfigurationName = Release;
		};
		88ADAB582B8D64F8000D3281 /* Build configuration list for PBXNativeTarget "BJ1008" */ = {
			isa = XCConfigurationList;
			buildConfigurations = (
				88ADAB592B8D64F8000D3281 /* Debug */,
				88ADAB5A2B8D64F8000D3281 /* Release */,
			);
			defaultConfigurationIsVisible = 0;
			defaultConfigurationName = Release;
		};
/* End XCConfigurationList section */
	};
	rootObject = 88ADAB332B8D6361000D3281 /* Project object */;
}
